
Microsoft Visual Studio Solution File, Format Version 12.00
# Visual Studio 15
VisualStudioVersion = 15.0.28307.1300
MinimumVisualStudioVersion = 10.0.40219.1
Project("{8BC9CEB8-8B4A-11D0-8D11-00A0C91BC942}") = "KeyGenerator", "KeyGenerator.vcxproj", "{601A537E-86D8-4F69-9C2D-86AA360B5F68}"
EndProject
Global
	GlobalSection(SolutionConfigurationPlatforms) = preSolution
		Debug|x64 = Debug|x64
		Debug|x86 = Debug|x86
		Release|x64 = Release|x64
		Release|x86 = Release|x86
	EndGlobalSection
	GlobalSection(ProjectConfigurationPlatforms) = postSolution
		{601A537E-86D8-4F69-9C2D-86AA360B5F68}.Debug|x64.ActiveCfg = Debug|x64
		{601A537E-86D8-4F69-9C2D-86AA360B5F68}.Debug|x64.Build.0 = Debug|x64
		{601A537E-86D8-4F69-9C2D-86AA360B5F68}.Debug|x86.ActiveCfg = Debug|Win32
		{601A537E-86D8-4F69-9C2D-86AA360B5F68}.Debug|x86.Build.0 = Debug|Win32
		{601A537E-86D8-4F69-9C2D-86AA360B5F68}.Release|x64.ActiveCfg = Release|x64
		{601A537E-86D8-4F69-9C2D-86AA360B5F68}.Release|x64.Build.0 = Release|x64
		{601A537E-86D8-4F69-9C2D-86AA360B5F68}.Release|x86.ActiveCfg = Release|Win32
		{601A537E-86D8-4F69-9C2D-86AA360B5F68}.Release|x86.Build.0 = Release|Win32
	EndGlobalSection
	GlobalSection(SolutionProperties) = preSolution
		HideSolutionNode = FALSE
	EndGlobalSection
	GlobalSection(ExtensibilityGlobals) = postSolution
		SolutionGuid = {783F3D22-C814-4F26-8B24-489E4275F8D0}
	EndGlobalSection
EndGlobal
