
Microsoft Visual Studio Solution File, Format Version 12.00
# Visual Studio Version 17
VisualStudioVersion = 17.5.33516.290
MinimumVisualStudioVersion = 10.0.40219.1
Project("{8BC9CEB8-8B4A-11D0-8D11-00A0C91BC942}") = "PythonAPI", "PythonAPI.vcxproj", "{FB9EE038-44C9-4933-BD21-DE856143060E}"
EndProject
Project("{8BC9CEB8-8B4A-11D0-8D11-00A0C91BC942}") = "PythonAPITest", "PythonAPITest\PythonAPITest.vcxproj", "{4D45BAC0-F166-40B2-AB07-A8AF6EF6ED2F}"
	ProjectSection(ProjectDependencies) = postProject
		{FB9EE038-44C9-4933-BD21-DE856143060E} = {FB9EE038-44C9-4933-BD21-DE856143060E}
	EndProjectSection
EndProject
Global
	GlobalSection(SolutionConfigurationPlatforms) = preSolution
		Debug|x64 = Debug|x64
		Debug|x86 = Debug|x86
		DebugTest|x64 = DebugTest|x64
		DebugTest|x86 = DebugTest|x86
		Release|x64 = Release|x64
		Release|x86 = Release|x86
		ReleaseTest|x64 = ReleaseTest|x64
		ReleaseTest|x86 = ReleaseTest|x86
	EndGlobalSection
	GlobalSection(ProjectConfigurationPlatforms) = postSolution
		{FB9EE038-44C9-4933-BD21-DE856143060E}.Debug|x64.ActiveCfg = Debug|x64
		{FB9EE038-44C9-4933-BD21-DE856143060E}.Debug|x64.Build.0 = Debug|x64
		{FB9EE038-44C9-4933-BD21-DE856143060E}.Debug|x86.ActiveCfg = Debug|Win32
		{FB9EE038-44C9-4933-BD21-DE856143060E}.Debug|x86.Build.0 = Debug|Win32
		{FB9EE038-44C9-4933-BD21-DE856143060E}.DebugTest|x64.ActiveCfg = DebugTest|x64
		{FB9EE038-44C9-4933-BD21-DE856143060E}.DebugTest|x64.Build.0 = DebugTest|x64
		{FB9EE038-44C9-4933-BD21-DE856143060E}.DebugTest|x86.ActiveCfg = DebugTest|Win32
		{FB9EE038-44C9-4933-BD21-DE856143060E}.DebugTest|x86.Build.0 = DebugTest|Win32
		{FB9EE038-44C9-4933-BD21-DE856143060E}.Release|x64.ActiveCfg = Release|x64
		{FB9EE038-44C9-4933-BD21-DE856143060E}.Release|x64.Build.0 = Release|x64
		{FB9EE038-44C9-4933-BD21-DE856143060E}.Release|x86.ActiveCfg = Release|Win32
		{FB9EE038-44C9-4933-BD21-DE856143060E}.Release|x86.Build.0 = Release|Win32
		{FB9EE038-44C9-4933-BD21-DE856143060E}.ReleaseTest|x64.ActiveCfg = ReleaseTest|x64
		{FB9EE038-44C9-4933-BD21-DE856143060E}.ReleaseTest|x64.Build.0 = ReleaseTest|x64
		{FB9EE038-44C9-4933-BD21-DE856143060E}.ReleaseTest|x86.ActiveCfg = ReleaseTest|Win32
		{FB9EE038-44C9-4933-BD21-DE856143060E}.ReleaseTest|x86.Build.0 = ReleaseTest|Win32
		{4D45BAC0-F166-40B2-AB07-A8AF6EF6ED2F}.Debug|x64.ActiveCfg = Debug|x64
		{4D45BAC0-F166-40B2-AB07-A8AF6EF6ED2F}.Debug|x86.ActiveCfg = Debug|Win32
		{4D45BAC0-F166-40B2-AB07-A8AF6EF6ED2F}.Debug|x86.Build.0 = Debug|Win32
		{4D45BAC0-F166-40B2-AB07-A8AF6EF6ED2F}.DebugTest|x64.ActiveCfg = Debug|x64
		{4D45BAC0-F166-40B2-AB07-A8AF6EF6ED2F}.DebugTest|x64.Build.0 = Debug|x64
		{4D45BAC0-F166-40B2-AB07-A8AF6EF6ED2F}.DebugTest|x86.ActiveCfg = DebugTest|Win32
		{4D45BAC0-F166-40B2-AB07-A8AF6EF6ED2F}.DebugTest|x86.Build.0 = DebugTest|Win32
		{4D45BAC0-F166-40B2-AB07-A8AF6EF6ED2F}.Release|x64.ActiveCfg = Release|x64
		{4D45BAC0-F166-40B2-AB07-A8AF6EF6ED2F}.Release|x86.ActiveCfg = Release|Win32
		{4D45BAC0-F166-40B2-AB07-A8AF6EF6ED2F}.Release|x86.Build.0 = Release|Win32
		{4D45BAC0-F166-40B2-AB07-A8AF6EF6ED2F}.ReleaseTest|x64.ActiveCfg = Release|x64
		{4D45BAC0-F166-40B2-AB07-A8AF6EF6ED2F}.ReleaseTest|x64.Build.0 = Release|x64
		{4D45BAC0-F166-40B2-AB07-A8AF6EF6ED2F}.ReleaseTest|x86.ActiveCfg = ReleaseTest|Win32
		{4D45BAC0-F166-40B2-AB07-A8AF6EF6ED2F}.ReleaseTest|x86.Build.0 = ReleaseTest|Win32
	EndGlobalSection
	GlobalSection(SolutionProperties) = preSolution
		HideSolutionNode = FALSE
	EndGlobalSection
	GlobalSection(ExtensibilityGlobals) = postSolution
		SolutionGuid = {9F515E44-492D-450F-B6D3-02983D9C3368}
	EndGlobalSection
EndGlobal
