<?xml version="1.0" encoding="utf-8"?>
<Project ToolsVersion="4.0" xmlns="http://schemas.microsoft.com/developer/msbuild/2003">
  <ItemGroup>
    <ClCompile Include="src\ApplicationBase.cpp">
      <Filter>src</Filter>
    </ClCompile>
    <ClCompile Include="src\BusinessLogicHandler.cpp">
      <Filter>src</Filter>
    </ClCompile>
    <ClCompile Include="src\dllmain.cpp">
      <Filter>src</Filter>
    </ClCompile>
    <ClCompile Include="src\Encryption.cpp">
      <Filter>src</Filter>
    </ClCompile>
    <ClCompile Include="src\ExternalServicesComponent.cpp">
      <Filter>src</Filter>
    </ClCompile>
    <ClCompile Include="src\ModalCommandBase.cpp">
      <Filter>src</Filter>
    </ClCompile>
    <ClCompile Include="src\ModelComponent.cpp">
      <Filter>src</Filter>
    </ClCompile>
    <ClCompile Include="src\PythonServiceInterface.cpp">
      <Filter>src</Filter>
    </ClCompile>
    <ClCompile Include="..\..\..\ThirdParty\base64\base64.c">
      <Filter>ThirdParty</Filter>
    </ClCompile>
    <ClCompile Include="src\UiComponent.cpp">
      <Filter>src</Filter>
    </ClCompile>
    <ClCompile Include="src\UserCredentials.cpp">
      <Filter>src</Filter>
    </ClCompile>
    <ClCompile Include="src\Foundation.cpp">
      <Filter>src</Filter>
    </ClCompile>
    <ClCompile Include="src\ProgressUpdater.cpp">
      <Filter>src</Filter>
    </ClCompile>
    <ClCompile Include="src\ErrorWarningLogFrontendNotifier.cpp">
      <Filter>src</Filter>
    </ClCompile>
  </ItemGroup>
  <ItemGroup>
    <ClInclude Include="include\OTServiceFoundation\AbstractModelNotifier.h">
      <Filter>include</Filter>
    </ClInclude>
    <ClInclude Include="include\OTServiceFoundation\AbstractUiNotifier.h">
      <Filter>include</Filter>
    </ClInclude>
    <ClInclude Include="include\OTServiceFoundation\ApplicationBase.h">
      <Filter>include</Filter>
    </ClInclude>
    <ClInclude Include="include\OTServiceFoundation\BusinessLogicHandler.h">
      <Filter>include</Filter>
    </ClInclude>
    <ClInclude Include="include\OTServiceFoundation\Encryption.h">
      <Filter>include</Filter>
    </ClInclude>
    <ClInclude Include="include\OTServiceFoundation\ExternalServicesComponent.h">
      <Filter>include</Filter>
    </ClInclude>
    <ClInclude Include="include\OTServiceFoundation\FoundationAPIExport.h">
      <Filter>include</Filter>
    </ClInclude>
    <ClInclude Include="include\OTServiceFoundation\IDManager.h">
      <Filter>include</Filter>
    </ClInclude>
    <ClInclude Include="include\OTServiceFoundation\Matrix.h">
      <Filter>include</Filter>
    </ClInclude>
    <ClInclude Include="include\OTServiceFoundation\Matrix.hpp">
      <Filter>include</Filter>
    </ClInclude>
    <ClInclude Include="..\..\..\ThirdParty\base64\base64.h">
      <Filter>ThirdParty</Filter>
    </ClInclude>
    <ClInclude Include="include\OTServiceFoundation\MatrixFactory.h">
      <Filter>include</Filter>
    </ClInclude>
    <ClInclude Include="include\OTServiceFoundation\MatrixFactory.hpp">
      <Filter>include</Filter>
    </ClInclude>
    <ClInclude Include="include\OTServiceFoundation\MenuButtonDescription.h">
      <Filter>include</Filter>
    </ClInclude>
    <ClInclude Include="include\OTServiceFoundation\ModalCommandBase.h">
      <Filter>include</Filter>
    </ClInclude>
    <ClInclude Include="include\OTServiceFoundation\ModelComponent.h">
      <Filter>include</Filter>
    </ClInclude>
    <ClInclude Include="include\OTServiceFoundation\PythonServiceInterface.h">
      <Filter>include</Filter>
    </ClInclude>
    <ClInclude Include="include\OTServiceFoundation\UiComponent.h">
      <Filter>include</Filter>
    </ClInclude>
    <ClInclude Include="include\OTServiceFoundation\UserCredentials.h">
      <Filter>include</Filter>
    </ClInclude>
    <ClInclude Include="include\OTServiceFoundation\Foundation.h">
      <Filter>include</Filter>
    </ClInclude>
    <ClInclude Include="include\OTServiceFoundation\ProgressUpdater.h">
      <Filter>include</Filter>
    </ClInclude>
    <ClInclude Include="include\OTServiceFoundation\ErrorWarningLogFrontendNotifier.h">
      <Filter>include</Filter>
    </ClInclude>
    <ClInclude Include="include\OTServiceFoundation\UILockWrapper.h">
      <Filter>include</Filter>
    </ClInclude>
  </ItemGroup>
  <ItemGroup>
    <Filter Include="include">
      <UniqueIdentifier>{9eeccb94-2002-4635-b5ae-3b1a21f186ac}</UniqueIdentifier>
    </Filter>
    <Filter Include="src">
      <UniqueIdentifier>{bbd9ea05-f216-4c3a-a923-e6877f429aef}</UniqueIdentifier>
    </Filter>
    <Filter Include="ThirdParty">
      <UniqueIdentifier>{2423b511-922c-4ca6-a561-fdc01d3af9d2}</UniqueIdentifier>
    </Filter>
  </ItemGroup>
</Project>