<?xml version="1.0" encoding="utf-8"?>
<Project ToolsVersion="4.0" xmlns="http://schemas.microsoft.com/developer/msbuild/2003">
  <ItemGroup>
    <Filter Include="include">
      <UniqueIdentifier>{2bcc6e5d-6277-482c-b54f-bd8b90dc30b8}</UniqueIdentifier>
    </Filter>
    <Filter Include="src">
      <UniqueIdentifier>{3c1e7a2a-9561-4be2-bd68-2e716a4e353e}</UniqueIdentifier>
    </Filter>
  </ItemGroup>
  <ItemGroup>
    <ClCompile Include="src\FixtureBsonArrayTypeGetterWrapper.cpp">
      <Filter>src</Filter>
    </ClCompile>
    <ClCompile Include="src\BsonArrayTypeGetterWrapperTest.cpp">
      <Filter>src</Filter>
    </ClCompile>
    <ClCompile Include="src\EntityParamerterizedDataMetadataTest.cpp">
      <Filter>src</Filter>
    </ClCompile>
  </ItemGroup>
  <ItemGroup>
    <ClInclude Include="include\FixtureBsonArrayTypeGetterWrapper.h">
      <Filter>include</Filter>
    </ClInclude>
  </ItemGroup>
</Project>