<?xml version="1.0" encoding="utf-8"?>
<Project ToolsVersion="4.0" xmlns="http://schemas.microsoft.com/developer/msbuild/2003">
  <ItemGroup>
    <ClCompile Include="src\dllmain.cpp">
      <Filter>src</Filter>
    </ClCompile>
    <ClCompile Include="src\Model.cpp">
      <Filter>src</Filter>
    </ClCompile>
    <ClCompile Include="src\stdafx.cpp">
      <Filter>src</Filter>
    </ClCompile>
    <ClCompile Include="src\Viewer.cpp">
      <Filter>src</Filter>
    </ClCompile>
    <ClCompile Include="src\ViewerAPI.cpp">
      <Filter>src</Filter>
    </ClCompile>
    <ClCompile Include="src\ViewerObjectSelectionHandler.cpp">
      <Filter>src</Filter>
    </ClCompile>
    <ClCompile Include="src\ViewManipulator.cpp">
      <Filter>src</Filter>
    </ClCompile>
    <ClCompile Include="src\AbstractPlot.cpp">
      <Filter>src</Filter>
    </ClCompile>
    <ClCompile Include="src\SceneNodeMaterialFactory.cpp">
      <Filter>src\Materials</Filter>
    </ClCompile>
    <ClCompile Include="src\SceneNodeMaterial.cpp">
      <Filter>src\Materials</Filter>
    </ClCompile>
    <ClCompile Include="src\MaterialRough.cpp">
      <Filter>src\Materials</Filter>
    </ClCompile>
    <ClCompile Include="src\MaterialPlastic.cpp">
      <Filter>src\Materials</Filter>
    </ClCompile>
    <ClCompile Include="src\MaterialPolished.cpp">
      <Filter>src\Materials</Filter>
    </ClCompile>
    <ClCompile Include="src\MaterialMetal.cpp">
      <Filter>src\Materials</Filter>
    </ClCompile>
    <ClCompile Include="src\Rubberband.cpp">
      <Filter>src</Filter>
    </ClCompile>
    <ClCompile Include="src\WorkingPlane.cpp">
      <Filter>src</Filter>
    </ClCompile>
    <ClCompile Include="src\TextureMapManager.cpp">
      <Filter>src\Materials</Filter>
    </ClCompile>
    <ClCompile Include="src\AxisCross.cpp">
      <Filter>src</Filter>
    </ClCompile>
    <ClCompile Include="src\ViewerSettings.cpp">
      <Filter>src</Filter>
    </ClCompile>
    <ClCompile Include="src\AxisCenterCross.cpp">
      <Filter>src</Filter>
    </ClCompile>
    <ClCompile Include="src\LineIntersector.cpp">
      <Filter>src</Filter>
    </ClCompile>
    <ClCompile Include="src\HandlerBase.cpp">
      <Filter>src</Filter>
    </ClCompile>
    <ClCompile Include="src\HandleArrow.cpp">
      <Filter>src</Filter>
    </ClCompile>
    <ClCompile Include="src\HandlerIntersector.cpp">
      <Filter>src</Filter>
    </ClCompile>
    <ClCompile Include="src\TransformManipulator.cpp">
      <Filter>src</Filter>
    </ClCompile>
    <ClCompile Include="src\ManipulatorBase.cpp">
      <Filter>src</Filter>
    </ClCompile>
    <ClCompile Include="src\HandleWheel.cpp">
      <Filter>src</Filter>
    </ClCompile>
    <ClCompile Include="src\ClipPlaneManipulator.cpp">
      <Filter>src</Filter>
    </ClCompile>
    <ClCompile Include="src\Factory.cpp">
      <Filter>src</Filter>
    </ClCompile>
    <ClCompile Include="src\EntityHandler.cpp">
      <Filter>src</Filter>
    </ClCompile>
    <ClCompile Include="src\ViewerView.cpp">
      <Filter>src\WidgetView</Filter>
    </ClCompile>
    <ClCompile Include="src\SceneNodePlot1D.cpp">
      <Filter>src\SceneNodes</Filter>
    </ClCompile>
    <ClCompile Include="src\SceneNodePlot1DCurve.cpp">
      <Filter>src\SceneNodes</Filter>
    </ClCompile>
    <ClCompile Include="src\SceneNodeAnnotation.cpp">
      <Filter>src\SceneNodes</Filter>
    </ClCompile>
    <ClCompile Include="src\SceneNodeCartesianMesh.cpp">
      <Filter>src\SceneNodes</Filter>
    </ClCompile>
    <ClCompile Include="src\SceneNodeCartesianMeshItem.cpp">
      <Filter>src\SceneNodes</Filter>
    </ClCompile>
    <ClCompile Include="src\SceneNodeContainer.cpp">
      <Filter>src\SceneNodes</Filter>
    </ClCompile>
    <ClCompile Include="src\SceneNodeGeometry.cpp">
      <Filter>src\SceneNodes</Filter>
    </ClCompile>
    <ClCompile Include="src\SceneNodeMesh.cpp">
      <Filter>src\SceneNodes</Filter>
    </ClCompile>
    <ClCompile Include="src\SceneNodeMeshItem.cpp">
      <Filter>src\SceneNodes</Filter>
    </ClCompile>
    <ClCompile Include="src\SceneNodeVTK.cpp">
      <Filter>src\SceneNodes</Filter>
    </ClCompile>
    <ClCompile Include="src\SceneNodeMultiVisualisation.cpp">
      <Filter>src\SceneNodes</Filter>
    </ClCompile>
    <ClCompile Include="src\TextVisualiser.cpp">
      <Filter>src\Visualiser</Filter>
    </ClCompile>
    <ClCompile Include="src\TableVisualiser.cpp">
      <Filter>src\Visualiser</Filter>
    </ClCompile>
    <ClCompile Include="src\Visualiser.cpp">
      <Filter>src\Visualiser</Filter>
    </ClCompile>
    <ClCompile Include="src\ViewerToolBar.cpp">
      <Filter>src</Filter>
    </ClCompile>
    <ClCompile Include="src\FrontendAPI.cpp">
      <Filter>src</Filter>
    </ClCompile>
    <ClCompile Include="src\PlotManager.cpp">
      <Filter>src</Filter>
    </ClCompile>
    <ClCompile Include="src\PlotManagerView.cpp">
      <Filter>src\WidgetView</Filter>
    </ClCompile>
    <ClCompile Include="src\GlobalModel.cpp">
      <Filter>src</Filter>
    </ClCompile>
    <ClCompile Include="src\CurveVisualiser.cpp">
      <Filter>src\Visualiser</Filter>
    </ClCompile>
    <ClCompile Include="src\PlotVisualiser.cpp">
      <Filter>src\Visualiser</Filter>
    </ClCompile>
  </ItemGroup>
  <ItemGroup>
    <ClInclude Include="include\Model.h">
      <Filter>include</Filter>
    </ClInclude>
    <ClInclude Include="include\stdafx.h">
      <Filter>include</Filter>
    </ClInclude>
    <ClInclude Include="include\ViewerAPI.h">
      <Filter>include</Filter>
    </ClInclude>
    <ClInclude Include="include\ViewerObjectSelectionHandler.h">
      <Filter>include</Filter>
    </ClInclude>
    <ClInclude Include="include\ViewManipulator.h">
      <Filter>include</Filter>
    </ClInclude>
    <ClInclude Include="include\AbstractPlot.h">
      <Filter>include</Filter>
    </ClInclude>
    <ClInclude Include="include\SceneNodeMaterialFactory.h">
      <Filter>include\Materials</Filter>
    </ClInclude>
    <ClInclude Include="include\SceneNodeMaterial.h">
      <Filter>include\Materials</Filter>
    </ClInclude>
    <ClInclude Include="include\MaterialBase.h">
      <Filter>include\Materials</Filter>
    </ClInclude>
    <ClInclude Include="include\MaterialRough.h">
      <Filter>include\Materials</Filter>
    </ClInclude>
    <ClInclude Include="include\MaterialPlastic.h">
      <Filter>include\Materials</Filter>
    </ClInclude>
    <ClInclude Include="include\MaterialPolished.h">
      <Filter>include\Materials</Filter>
    </ClInclude>
    <ClInclude Include="include\MaterialMetal.h">
      <Filter>include\Materials</Filter>
    </ClInclude>
    <ClInclude Include="include\Rubberband.h">
      <Filter>include</Filter>
    </ClInclude>
    <ClInclude Include="include\WorkingPlane.h">
      <Filter>include</Filter>
    </ClInclude>
    <ClInclude Include="include\TextureMapManager.h">
      <Filter>include\Materials</Filter>
    </ClInclude>
    <ClInclude Include="include\AxisCross.h">
      <Filter>include</Filter>
    </ClInclude>
    <ClInclude Include="include\ViewerSettings.h">
      <Filter>include</Filter>
    </ClInclude>
    <ClInclude Include="include\AxisCenterCross.h">
      <Filter>include</Filter>
    </ClInclude>
    <ClInclude Include="include\LineIntersector.h">
      <Filter>include</Filter>
    </ClInclude>
    <ClInclude Include="include\HandlerBase.h">
      <Filter>include</Filter>
    </ClInclude>
    <ClInclude Include="include\HandleArrow.h">
      <Filter>include</Filter>
    </ClInclude>
    <ClInclude Include="include\HandlerIntersector.h">
      <Filter>include</Filter>
    </ClInclude>
    <ClInclude Include="include\TransformManipulator.h">
      <Filter>include</Filter>
    </ClInclude>
    <ClInclude Include="include\ManipulatorBase.h">
      <Filter>include</Filter>
    </ClInclude>
    <ClInclude Include="include\HandleWheel.h">
      <Filter>include</Filter>
    </ClInclude>
    <ClInclude Include="include\CappingEffect.h">
      <Filter>include</Filter>
    </ClInclude>
    <ClInclude Include="include\ClipPlaneManipulator.h">
      <Filter>include</Filter>
    </ClInclude>
    <ClInclude Include="include\Factory.h">
      <Filter>include</Filter>
    </ClInclude>
    <ClInclude Include="include\EntityHandler.h">
      <Filter>include</Filter>
    </ClInclude>
    <ClInclude Include="include\SceneNodeAnnotation.h">
      <Filter>include\SceneNodes</Filter>
    </ClInclude>
    <ClInclude Include="include\SceneNodeBase.h">
      <Filter>include\SceneNodes</Filter>
    </ClInclude>
    <ClInclude Include="include\SceneNodeCartesianMesh.h">
      <Filter>include\SceneNodes</Filter>
    </ClInclude>
    <ClInclude Include="include\SceneNodeCartesianMeshItem.h">
      <Filter>include\SceneNodes</Filter>
    </ClInclude>
    <ClInclude Include="include\SceneNodeContainer.h">
      <Filter>include\SceneNodes</Filter>
    </ClInclude>
    <ClInclude Include="include\SceneNodeGeometry.h">
      <Filter>include\SceneNodes</Filter>
    </ClInclude>
    <ClInclude Include="include\SceneNodeMesh.h">
      <Filter>include\SceneNodes</Filter>
    </ClInclude>
    <ClInclude Include="include\SceneNodeMeshItem.h">
      <Filter>include\SceneNodes</Filter>
    </ClInclude>
    <ClInclude Include="include\SceneNodePlot1D.h">
      <Filter>include\SceneNodes</Filter>
    </ClInclude>
    <ClInclude Include="include\SceneNodePlot1DCurve.h">
      <Filter>include\SceneNodes</Filter>
    </ClInclude>
    <ClInclude Include="include\SceneNodeVTK.h">
      <Filter>include\SceneNodes</Filter>
    </ClInclude>
    <ClInclude Include="include\ViewerView.h">
      <Filter>include\WidgetView</Filter>
    </ClInclude>
    <ClInclude Include="include\Visualiser.h">
      <Filter>include\Visualiser</Filter>
    </ClInclude>
    <ClInclude Include="include\TextVisualiser.h">
      <Filter>include\Visualiser</Filter>
    </ClInclude>
    <ClInclude Include="include\SceneNodeMultiVisualisation.h">
      <Filter>include\SceneNodes</Filter>
    </ClInclude>
    <ClInclude Include="include\TableVisualiser.h">
      <Filter>include\Visualiser</Filter>
    </ClInclude>
    <ClInclude Include="include\ViewChangedStates.h">
      <Filter>include</Filter>
    </ClInclude>
    <ClInclude Include="include\ViewerToolBar.h">
      <Filter>include</Filter>
    </ClInclude>
    <ClInclude Include="include\FrontendAPI.h">
      <Filter>include</Filter>
    </ClInclude>
    <ClInclude Include="include\PlotManager.h">
      <Filter>include</Filter>
    </ClInclude>
    <ClInclude Include="include\PlotManagerView.h">
      <Filter>include\WidgetView</Filter>
    </ClInclude>
    <ClInclude Include="include\GlobalModel.h">
      <Filter>include</Filter>
    </ClInclude>
    <ClInclude Include="include\GlobalFontPath.h">
      <Filter>include</Filter>
    </ClInclude>
    <ClInclude Include="include\CurveVisualiser.h">
      <Filter>include\Visualiser</Filter>
    </ClInclude>
    <ClInclude Include="include\PlotVisualiser.h">
      <Filter>include\Visualiser</Filter>
    </ClInclude>
  </ItemGroup>
  <ItemGroup>
    <QtMoc Include="include\Viewer.h">
      <Filter>include</Filter>
    </QtMoc>
  </ItemGroup>
  <ItemGroup>
    <Filter Include="include">
      <UniqueIdentifier>{dc781e08-fab5-4632-abda-b91ae6477943}</UniqueIdentifier>
    </Filter>
    <Filter Include="src">
      <UniqueIdentifier>{3a2333c6-55c2-41ae-ae35-786e6bac71b8}</UniqueIdentifier>
    </Filter>
    <Filter Include="include\Materials">
      <UniqueIdentifier>{4c4d0fdb-467b-482c-a4f5-a64a3177da0c}</UniqueIdentifier>
    </Filter>
    <Filter Include="src\Materials">
      <UniqueIdentifier>{6db3ec91-1b7b-408f-b87b-08e05ae991a1}</UniqueIdentifier>
    </Filter>
    <Filter Include="include\SceneNodes">
      <UniqueIdentifier>{40dc3399-49f9-4bc7-9aa4-74b23c389a4f}</UniqueIdentifier>
    </Filter>
    <Filter Include="include\WidgetView">
      <UniqueIdentifier>{9666d20a-8653-4100-986b-670987aeeb45}</UniqueIdentifier>
    </Filter>
    <Filter Include="src\WidgetView">
      <UniqueIdentifier>{98463fc9-d8b8-47a9-9a36-1c785d62bce7}</UniqueIdentifier>
    </Filter>
    <Filter Include="include\Visualiser">
      <UniqueIdentifier>{da4035b1-a386-45a5-bc16-89b6d14f54c6}</UniqueIdentifier>
    </Filter>
    <Filter Include="src\SceneNodes">
      <UniqueIdentifier>{09d63a78-ff4b-4b00-9891-41d3c1bd0ff5}</UniqueIdentifier>
    </Filter>
    <Filter Include="src\Visualiser">
      <UniqueIdentifier>{0daf6459-a3e0-4628-87ec-9bc1695b8382}</UniqueIdentifier>
    </Filter>
  </ItemGroup>
</Project>