<?xml version="1.0" encoding="utf-8"?>
<Project ToolsVersion="4.0" xmlns="http://schemas.microsoft.com/developer/msbuild/2003">
  <ItemGroup>
    <Filter Include="src">
      <UniqueIdentifier>{add07fe8-f80b-4a07-bb51-200578bd748d}</UniqueIdentifier>
    </Filter>
    <Filter Include="include">
      <UniqueIdentifier>{59bcb302-93c5-4db1-b8f7-8979009523d2}</UniqueIdentifier>
    </Filter>
  </ItemGroup>
  <ItemGroup>
    <ClCompile Include="src\ClassFactoryCADTest.cpp">
      <Filter>src</Filter>
    </ClCompile>
  </ItemGroup>
</Project>