<?xml version="1.0" encoding="utf-8"?>
<Project ToolsVersion="4.0" xmlns="http://schemas.microsoft.com/developer/msbuild/2003">
  <ItemGroup>
    <ClCompile Include="src\BlockConnection.cpp">
      <Filter>src</Filter>
    </ClCompile>
    <ClCompile Include="src\BoundingBox.cpp">
      <Filter>src</Filter>
    </ClCompile>
    <ClCompile Include="src\ClassFactory.cpp">
      <Filter>src</Filter>
    </ClCompile>
    <ClCompile Include="src\Connector.cpp">
      <Filter>src</Filter>
    </ClCompile>
    <ClCompile Include="src\DataBase.cpp">
      <Filter>src</Filter>
    </ClCompile>
    <ClCompile Include="src\GenericBsonDocument.cpp">
      <Filter>src</Filter>
    </ClCompile>
    <ClCompile Include="src\GenericDocument.cpp">
      <Filter>src</Filter>
    </ClCompile>
    <ClCompile Include="src\Geometry.cpp">
      <Filter>src</Filter>
    </ClCompile>
    <ClCompile Include="src\ModelState.cpp">
      <Filter>src</Filter>
    </ClCompile>
    <ClCompile Include="src\TemplateDefaultManager.cpp">
      <Filter>src</Filter>
    </ClCompile>
    <ClCompile Include="src\Types.cpp">
      <Filter>src</Filter>
    </ClCompile>
    <ClCompile Include="src\EntityAnnotation.cpp">
      <Filter>src\Entities</Filter>
    </ClCompile>
    <ClCompile Include="src\EntityAnnotationData.cpp">
      <Filter>src\Entities</Filter>
    </ClCompile>
    <ClCompile Include="src\EntityBase.cpp">
      <Filter>src\Entities</Filter>
    </ClCompile>
    <ClCompile Include="src\EntityBinaryData.cpp">
      <Filter>src\Entities</Filter>
    </ClCompile>
    <ClCompile Include="src\EntityBlock.cpp">
      <Filter>src\Entities</Filter>
    </ClCompile>
    <ClCompile Include="src\EntityBlockDatabaseAccess.cpp">
      <Filter>src\Entities</Filter>
    </ClCompile>
    <ClCompile Include="src\EntityBlockPlot1D.cpp">
      <Filter>src\Entities</Filter>
    </ClCompile>
    <ClCompile Include="src\EntityBlockPython.cpp">
      <Filter>src\Entities</Filter>
    </ClCompile>
    <ClCompile Include="src\EntityCartesianVector.cpp">
      <Filter>src\Entities</Filter>
    </ClCompile>
    <ClCompile Include="src\EntityCompressedVector.cpp">
      <Filter>src\Entities</Filter>
    </ClCompile>
    <ClCompile Include="src\EntityContainer.cpp">
      <Filter>src\Entities</Filter>
    </ClCompile>
    <ClCompile Include="src\EntityCoordinates2D.cpp">
      <Filter>src\Entities</Filter>
    </ClCompile>
    <ClCompile Include="src\EntityFacetData.cpp">
      <Filter>src\Entities</Filter>
    </ClCompile>
    <ClCompile Include="src\EntityFile.cpp">
      <Filter>src\Entities</Filter>
    </ClCompile>
    <ClCompile Include="src\EntityFileCSV.cpp">
      <Filter>src\Entities</Filter>
    </ClCompile>
    <ClCompile Include="src\EntityFileText.cpp">
      <Filter>src\Entities</Filter>
    </ClCompile>
    <ClCompile Include="src\EntityMaterial.cpp">
      <Filter>src\Entities</Filter>
    </ClCompile>
    <ClCompile Include="src\EntityMeasurementMetadata.cpp">
      <Filter>src\Entities</Filter>
    </ClCompile>
    <ClCompile Include="src\EntityMeshCartesian.cpp">
      <Filter>src\Entities</Filter>
    </ClCompile>
    <ClCompile Include="src\EntityMeshCartesianData.cpp">
      <Filter>src\Entities</Filter>
    </ClCompile>
    <ClCompile Include="src\EntityMeshCartesianFace.cpp">
      <Filter>src\Entities</Filter>
    </ClCompile>
    <ClCompile Include="src\EntityMeshCartesianFaceList.cpp">
      <Filter>src\Entities</Filter>
    </ClCompile>
    <ClCompile Include="src\EntityMeshCartesianItem.cpp">
      <Filter>src\Entities</Filter>
    </ClCompile>
    <ClCompile Include="src\EntityMeshCartesianNodes.cpp">
      <Filter>src\Entities</Filter>
    </ClCompile>
    <ClCompile Include="src\EntityMeshTet.cpp">
      <Filter>src\Entities</Filter>
    </ClCompile>
    <ClCompile Include="src\EntityMeshTetData.cpp">
      <Filter>src\Entities</Filter>
    </ClCompile>
    <ClCompile Include="src\EntityMeshTetFace.cpp">
      <Filter>src\Entities</Filter>
    </ClCompile>
    <ClCompile Include="src\EntityMeshTetFaceData.cpp">
      <Filter>src\Entities</Filter>
    </ClCompile>
    <ClCompile Include="src\EntityMeshTetInfo.cpp">
      <Filter>src\Entities</Filter>
    </ClCompile>
    <ClCompile Include="src\EntityMeshTetItem.cpp">
      <Filter>src\Entities</Filter>
    </ClCompile>
    <ClCompile Include="src\EntityMeshTetItemDataFaces.cpp">
      <Filter>src\Entities</Filter>
    </ClCompile>
    <ClCompile Include="src\EntityMeshTetItemDataTetedges.cpp">
      <Filter>src\Entities</Filter>
    </ClCompile>
    <ClCompile Include="src\EntityMeshTetItemDataTets.cpp">
      <Filter>src\Entities</Filter>
    </ClCompile>
    <ClCompile Include="src\EntityMeshTetNodes.cpp">
      <Filter>src\Entities</Filter>
    </ClCompile>
    <ClCompile Include="src\EntityParameter.cpp">
      <Filter>src\Entities</Filter>
    </ClCompile>
    <ClCompile Include="src\EntityParameterizedDataCategorization.cpp">
      <Filter>src\Entities</Filter>
    </ClCompile>
    <ClCompile Include="src\EntityParameterizedDataPreviewTable.cpp">
      <Filter>src\Entities</Filter>
    </ClCompile>
    <ClCompile Include="src\EntityParameterizedDataTable.cpp">
      <Filter>src\Entities</Filter>
    </ClCompile>
    <ClCompile Include="src\EntityPlot1D.cpp">
      <Filter>src\Entities</Filter>
    </ClCompile>
    <ClCompile Include="src\EntityProperties.cpp">
      <Filter>src\Entities</Filter>
    </ClCompile>
    <ClCompile Include="src\EntityPropertiesItems.cpp">
      <Filter>src\Entities</Filter>
    </ClCompile>
    <ClCompile Include="src\EntityResearchMetadata.cpp">
      <Filter>src\Entities</Filter>
    </ClCompile>
    <ClCompile Include="src\EntityResult1D.cpp">
      <Filter>src\Entities</Filter>
    </ClCompile>
    <ClCompile Include="src\EntityResult1DData.cpp">
      <Filter>src\Entities</Filter>
    </ClCompile>
    <ClCompile Include="src\EntityResult3D.cpp">
      <Filter>src\Entities</Filter>
    </ClCompile>
    <ClCompile Include="src\EntityResult3DData.cpp">
      <Filter>src\Entities</Filter>
    </ClCompile>
    <ClCompile Include="src\EntityResultText.cpp">
      <Filter>src\Entities</Filter>
    </ClCompile>
    <ClCompile Include="src\EntityResultTextData.cpp">
      <Filter>src\Entities</Filter>
    </ClCompile>
    <ClCompile Include="src\EntityResultUnstructuredMesh.cpp">
      <Filter>src\Entities</Filter>
    </ClCompile>
    <ClCompile Include="src\EntityResultUnstructuredMeshData.cpp">
      <Filter>src\Entities</Filter>
    </ClCompile>
    <ClCompile Include="src\EntitySignalType.cpp">
      <Filter>src\Entities</Filter>
    </ClCompile>
    <ClCompile Include="src\EntitySolver.cpp">
      <Filter>src\Entities</Filter>
    </ClCompile>
    <ClCompile Include="src\EntitySolverFITTD.cpp">
      <Filter>src\Entities</Filter>
    </ClCompile>
    <ClCompile Include="src\EntitySolverGetDP.cpp">
      <Filter>src\Entities</Filter>
    </ClCompile>
    <ClCompile Include="src\EntitySolverKriging.cpp">
      <Filter>src\Entities</Filter>
    </ClCompile>
    <ClCompile Include="src\EntitySolverMonitor.cpp">
      <Filter>src\Entities</Filter>
    </ClCompile>
    <ClCompile Include="src\EntitySolverPHREEC.cpp">
      <Filter>src\Entities</Filter>
    </ClCompile>
    <ClCompile Include="src\EntitySolverPort.cpp">
      <Filter>src\Entities</Filter>
    </ClCompile>
    <ClCompile Include="src\EntityTableSelectedRanges.cpp">
      <Filter>src\Entities</Filter>
    </ClCompile>
    <ClCompile Include="src\EntityUnits.cpp">
      <Filter>src\Entities</Filter>
    </ClCompile>
    <ClCompile Include="src\EntityVis2D3D.cpp">
      <Filter>src\Entities</Filter>
    </ClCompile>
    <ClCompile Include="src\EntityVisCartesianFaceScalar.cpp">
      <Filter>src\Entities</Filter>
    </ClCompile>
    <ClCompile Include="src\EntityWithDynamicFields.cpp">
      <Filter>src\Entities</Filter>
    </ClCompile>
    <ClCompile Include="src\PropertyBundleDataHandlePlane.cpp">
      <Filter>src\PropertyBundle</Filter>
    </ClCompile>
    <ClCompile Include="src\PropertyBundleDataHandleScaling.cpp">
      <Filter>src\PropertyBundle</Filter>
    </ClCompile>
    <ClCompile Include="src\PropertyBundleDataHandleVis2D3D.cpp">
      <Filter>src\PropertyBundle</Filter>
    </ClCompile>
    <ClCompile Include="src\PropertyBundlePlane.cpp">
      <Filter>src\PropertyBundle</Filter>
    </ClCompile>
    <ClCompile Include="src\PropertyBundleScaling.cpp">
      <Filter>src\PropertyBundle</Filter>
    </ClCompile>
    <ClCompile Include="src\PropertyBundleVis2D3D.cpp">
      <Filter>src\PropertyBundle</Filter>
    </ClCompile>
    <ClCompile Include="include\PropertyBundleDataHandle.h">
      <Filter>include\PropertyBundle\Handle</Filter>
    </ClCompile>
    <ClCompile Include="src\VariableToBSONConverter.cpp">
      <Filter>src</Filter>
    </ClCompile>
    <ClCompile Include="src\BSONToVariableConverter.cpp">
      <Filter>src</Filter>
    </ClCompile>
  </ItemGroup>
  <ItemGroup>
    <ClInclude Include="include\BlockConnection.h">
      <Filter>include</Filter>
    </ClInclude>
    <ClInclude Include="include\BoundingBox.h">
      <Filter>include</Filter>
    </ClInclude>
    <ClInclude Include="include\BsonArrayTypeGetterWrapper.h">
      <Filter>include</Filter>
    </ClInclude>
    <ClInclude Include="include\BsonArrayTypeGetterWrapper.hpp">
      <Filter>include</Filter>
    </ClInclude>
    <ClInclude Include="include\ClassFactory.h">
      <Filter>include</Filter>
    </ClInclude>
    <ClInclude Include="include\Connector.h">
      <Filter>include</Filter>
    </ClInclude>
    <ClInclude Include="include\DataBase.h">
      <Filter>include</Filter>
    </ClInclude>
    <ClInclude Include="include\GenericBsonDocument.h">
      <Filter>include</Filter>
    </ClInclude>
    <ClInclude Include="include\GenericDocument.h">
      <Filter>include</Filter>
    </ClInclude>
    <ClInclude Include="include\Geometry.h">
      <Filter>include</Filter>
    </ClInclude>
    <ClInclude Include="include\ModelState.h">
      <Filter>include</Filter>
    </ClInclude>
    <ClInclude Include="include\SerializeWithBSON.h">
      <Filter>include</Filter>
    </ClInclude>
    <ClInclude Include="include\TemplateDefaultManager.h">
      <Filter>include</Filter>
    </ClInclude>
    <ClInclude Include="include\Types.h">
      <Filter>include</Filter>
    </ClInclude>
    <ClInclude Include="include\EntityAnnotation.h">
      <Filter>include\Entities</Filter>
    </ClInclude>
    <ClInclude Include="include\EntityAnnotationData.h">
      <Filter>include\Entities</Filter>
    </ClInclude>
    <ClInclude Include="include\EntityBase.h">
      <Filter>include\Entities</Filter>
    </ClInclude>
    <ClInclude Include="include\EntityBinaryData.h">
      <Filter>include\Entities</Filter>
    </ClInclude>
    <ClInclude Include="include\EntityBlock.h">
      <Filter>include\Entities</Filter>
    </ClInclude>
    <ClInclude Include="include\EntityBlockDatabaseAccess.h">
      <Filter>include\Entities</Filter>
    </ClInclude>
    <ClInclude Include="include\EntityBlockPlot1D.h">
      <Filter>include\Entities</Filter>
    </ClInclude>
    <ClInclude Include="include\EntityBlockPython.h">
      <Filter>include\Entities</Filter>
    </ClInclude>
    <ClInclude Include="include\EntityCartesianVector.h">
      <Filter>include\Entities</Filter>
    </ClInclude>
    <ClInclude Include="include\EntityCompressedVector.h">
      <Filter>include\Entities</Filter>
    </ClInclude>
    <ClInclude Include="include\EntityContainer.h">
      <Filter>include\Entities</Filter>
    </ClInclude>
    <ClInclude Include="include\EntityCoordinates2D.h">
      <Filter>include\Entities</Filter>
    </ClInclude>
    <ClInclude Include="include\EntityFacetData.h">
      <Filter>include\Entities</Filter>
    </ClInclude>
    <ClInclude Include="include\EntityFile.h">
      <Filter>include\Entities</Filter>
    </ClInclude>
    <ClInclude Include="include\EntityFileCSV.h">
      <Filter>include\Entities</Filter>
    </ClInclude>
    <ClInclude Include="include\EntityFileText.h">
      <Filter>include\Entities</Filter>
    </ClInclude>
    <ClInclude Include="include\EntityLoadingAPI.h">
      <Filter>include\Entities</Filter>
    </ClInclude>
    <ClInclude Include="include\EntityMaterial.h">
      <Filter>include\Entities</Filter>
    </ClInclude>
    <ClInclude Include="include\EntityMeasurementMetadata.h">
      <Filter>include\Entities</Filter>
    </ClInclude>
    <ClInclude Include="include\EntityMesh.h">
      <Filter>include\Entities</Filter>
    </ClInclude>
    <ClInclude Include="include\EntityMeshCartesian.h">
      <Filter>include\Entities</Filter>
    </ClInclude>
    <ClInclude Include="include\EntityMeshCartesianData.h">
      <Filter>include\Entities</Filter>
    </ClInclude>
    <ClInclude Include="include\EntityMeshCartesianFace.h">
      <Filter>include\Entities</Filter>
    </ClInclude>
    <ClInclude Include="include\EntityMeshCartesianFaceList.h">
      <Filter>include\Entities</Filter>
    </ClInclude>
    <ClInclude Include="include\EntityMeshCartesianItem.h">
      <Filter>include\Entities</Filter>
    </ClInclude>
    <ClInclude Include="include\EntityMeshCartesianNodes.h">
      <Filter>include\Entities</Filter>
    </ClInclude>
    <ClInclude Include="include\EntityMeshTet.h">
      <Filter>include\Entities</Filter>
    </ClInclude>
    <ClInclude Include="include\EntityMeshTetData.h">
      <Filter>include\Entities</Filter>
    </ClInclude>
    <ClInclude Include="include\EntityMeshTetFace.h">
      <Filter>include\Entities</Filter>
    </ClInclude>
    <ClInclude Include="include\EntityMeshTetFaceData.h">
      <Filter>include\Entities</Filter>
    </ClInclude>
    <ClInclude Include="include\EntityMeshTetInfo.h">
      <Filter>include\Entities</Filter>
    </ClInclude>
    <ClInclude Include="include\EntityMeshTetItem.h">
      <Filter>include\Entities</Filter>
    </ClInclude>
    <ClInclude Include="include\EntityMeshTetItemDataFaces.h">
      <Filter>include\Entities</Filter>
    </ClInclude>
    <ClInclude Include="include\EntityMeshTetItemDataTetedges.h">
      <Filter>include\Entities</Filter>
    </ClInclude>
    <ClInclude Include="include\EntityMeshTetItemDataTets.h">
      <Filter>include\Entities</Filter>
    </ClInclude>
    <ClInclude Include="include\EntityMeshTetNodes.h">
      <Filter>include\Entities</Filter>
    </ClInclude>
    <ClInclude Include="include\EntityParameter.h">
      <Filter>include\Entities</Filter>
    </ClInclude>
    <ClInclude Include="include\EntityParameterizedDataCategorization.h">
      <Filter>include\Entities</Filter>
    </ClInclude>
    <ClInclude Include="include\EntityParameterizedDataPreviewTable.h">
      <Filter>include\Entities</Filter>
    </ClInclude>
    <ClInclude Include="include\EntityParameterizedDataTable.h">
      <Filter>include\Entities</Filter>
    </ClInclude>
    <ClInclude Include="include\EntityPlot1D.h">
      <Filter>include\Entities</Filter>
    </ClInclude>
    <ClInclude Include="include\EntityProperties.h">
      <Filter>include\Entities</Filter>
    </ClInclude>
    <ClInclude Include="include\EntityPropertiesItems.h">
      <Filter>include\Entities</Filter>
    </ClInclude>
    <ClInclude Include="include\EntityResearchMetadata.h">
      <Filter>include\Entities</Filter>
    </ClInclude>
    <ClInclude Include="include\EntityResult1D.h">
      <Filter>include\Entities</Filter>
    </ClInclude>
    <ClInclude Include="include\EntityResult1DData.h">
      <Filter>include\Entities</Filter>
    </ClInclude>
    <ClInclude Include="include\EntityResult3D.h">
      <Filter>include\Entities</Filter>
    </ClInclude>
    <ClInclude Include="include\EntityResult3DData.h">
      <Filter>include\Entities</Filter>
    </ClInclude>
    <ClInclude Include="include\EntityResultBase.h">
      <Filter>include\Entities</Filter>
    </ClInclude>
    <ClInclude Include="include\EntityResultTable.h">
      <Filter>include\Entities</Filter>
    </ClInclude>
    <ClInclude Include="include\EntityResultTable.hpp">
      <Filter>include\Entities</Filter>
    </ClInclude>
    <ClInclude Include="include\EntityResultTableData.h">
      <Filter>include\Entities</Filter>
    </ClInclude>
    <ClInclude Include="include\EntityResultTableData.hpp">
      <Filter>include\Entities</Filter>
    </ClInclude>
    <ClInclude Include="include\EntityResultText.h">
      <Filter>include\Entities</Filter>
    </ClInclude>
    <ClInclude Include="include\EntityResultTextData.h">
      <Filter>include\Entities</Filter>
    </ClInclude>
    <ClInclude Include="include\EntityResultUnstructuredMesh.h">
      <Filter>include\Entities</Filter>
    </ClInclude>
    <ClInclude Include="include\EntityResultUnstructuredMeshData.h">
      <Filter>include\Entities</Filter>
    </ClInclude>
    <ClInclude Include="include\EntitySignalType.h">
      <Filter>include\Entities</Filter>
    </ClInclude>
    <ClInclude Include="include\EntitySolver.h">
      <Filter>include\Entities</Filter>
    </ClInclude>
    <ClInclude Include="include\EntitySolverFITTD.h">
      <Filter>include\Entities</Filter>
    </ClInclude>
    <ClInclude Include="include\EntitySolverGetDP.h">
      <Filter>include\Entities</Filter>
    </ClInclude>
    <ClInclude Include="include\EntitySolverKriging.h">
      <Filter>include\Entities</Filter>
    </ClInclude>
    <ClInclude Include="include\EntitySolverMonitor.h">
      <Filter>include\Entities</Filter>
    </ClInclude>
    <ClInclude Include="include\EntitySolverPHREEC.h">
      <Filter>include\Entities</Filter>
    </ClInclude>
    <ClInclude Include="include\EntitySolverPort.h">
      <Filter>include\Entities</Filter>
    </ClInclude>
    <ClInclude Include="include\EntityTableSelectedRanges.h">
      <Filter>include\Entities</Filter>
    </ClInclude>
    <ClInclude Include="include\EntityUnits.h">
      <Filter>include\Entities</Filter>
    </ClInclude>
    <ClInclude Include="include\EntityVis2D3D.h">
      <Filter>include\Entities</Filter>
    </ClInclude>
    <ClInclude Include="include\EntityVisCartesianFaceScalar.h">
      <Filter>include\Entities</Filter>
    </ClInclude>
    <ClInclude Include="include\EntityWithDynamicFields.h">
      <Filter>include\Entities</Filter>
    </ClInclude>
    <ClInclude Include="include\PropertyBundleVis2D3D.h">
      <Filter>include\PropertyBundle</Filter>
    </ClInclude>
    <ClInclude Include="include\PropertyBundle.h">
      <Filter>include\PropertyBundle</Filter>
    </ClInclude>
    <ClInclude Include="include\PropertyBundlePlane.h">
      <Filter>include\PropertyBundle</Filter>
    </ClInclude>
    <ClInclude Include="include\PropertyBundleScaling.h">
      <Filter>include\PropertyBundle</Filter>
    </ClInclude>
    <ClInclude Include="include\PropertyBundleDataHandlePlane.h">
      <Filter>include\PropertyBundle\Handle</Filter>
    </ClInclude>
    <ClInclude Include="include\PropertyBundleDataHandleScaling.h">
      <Filter>include\PropertyBundle\Handle</Filter>
    </ClInclude>
    <ClInclude Include="include\PropertyBundleDataHandleVis2D3D.h">
      <Filter>include\PropertyBundle\Handle</Filter>
    </ClInclude>
    <ClInclude Include="include\PropertiesVis2D3D.h">
      <Filter>include\PropertyBundle\Description</Filter>
    </ClInclude>
    <ClInclude Include="include\PlaneProperties.h">
      <Filter>include\PropertyBundle\Description</Filter>
    </ClInclude>
    <ClInclude Include="include\ScalingProperties.h">
      <Filter>include\PropertyBundle\Description</Filter>
    </ClInclude>
    <ClInclude Include="include\VariableToBSONConverter.h">
      <Filter>include</Filter>
    </ClInclude>
    <ClInclude Include="include\BSONToVariableConverter.h">
      <Filter>include</Filter>
    </ClInclude>
  </ItemGroup>
  <ItemGroup>
    <Filter Include="include">
      <UniqueIdentifier>{2501ef7d-4c12-47c5-8331-9be9053fd9ff}</UniqueIdentifier>
    </Filter>
    <Filter Include="src">
      <UniqueIdentifier>{fb683578-5bbe-4667-aed3-bc0c3b0dc790}</UniqueIdentifier>
    </Filter>
    <Filter Include="include\Entities">
      <UniqueIdentifier>{76b60a5c-aff2-4b21-bd09-4ad8c0626991}</UniqueIdentifier>
    </Filter>
    <Filter Include="include\PropertyBundle">
      <UniqueIdentifier>{575d64e7-ef91-49bb-8247-758bde904d4d}</UniqueIdentifier>
    </Filter>
    <Filter Include="src\Entities">
      <UniqueIdentifier>{89245172-2279-45d4-a0d5-b696a7760686}</UniqueIdentifier>
    </Filter>
    <Filter Include="src\PropertyBundle">
      <UniqueIdentifier>{08bbb5d3-64bc-44a6-b7cf-dfc0020ad6e7}</UniqueIdentifier>
    </Filter>
    <Filter Include="include\PropertyBundle\Handle">
      <UniqueIdentifier>{c0c27aea-890d-4aca-8d22-296d4d0f1bb0}</UniqueIdentifier>
    </Filter>
    <Filter Include="include\PropertyBundle\Description">
      <UniqueIdentifier>{dd17c279-d6c9-4cfa-9fb1-0458a1886a41}</UniqueIdentifier>
    </Filter>
  </ItemGroup>
</Project>