<?xml version="1.0" encoding="utf-8"?>
<Project ToolsVersion="4.0" xmlns="http://schemas.microsoft.com/developer/msbuild/2003">
  <ItemGroup>
    <Filter Include="src">
      <UniqueIdentifier>{80c22169-cc10-4450-8a3d-c7d4d3910ec4}</UniqueIdentifier>
    </Filter>
    <Filter Include="include">
      <UniqueIdentifier>{58861e52-ae1d-4b73-8897-641d057bb48d}</UniqueIdentifier>
    </Filter>
  </ItemGroup>
  <ItemGroup>
    <ClCompile Include="src\test.cpp">
      <Filter>src</Filter>
    </ClCompile>
  </ItemGroup>
</Project>