<?xml version="1.0" encoding="utf-8"?>
<Project ToolsVersion="4.0" xmlns="http://schemas.microsoft.com/developer/msbuild/2003">
  <ItemGroup>
    <Filter Include="include">
      <UniqueIdentifier>{68f17c8c-e488-48ee-808a-76f6d79cd81b}</UniqueIdentifier>
    </Filter>
    <Filter Include="src">
      <UniqueIdentifier>{a57105c2-3f3f-4615-9b15-dc111a46da10}</UniqueIdentifier>
    </Filter>
  </ItemGroup>
  <ItemGroup>
    <ClCompile Include="src\test.cpp">
      <Filter>src</Filter>
    </ClCompile>
  </ItemGroup>
</Project>