<?xml version="1.0" encoding="utf-8"?>
<Project ToolsVersion="4.0" xmlns="http://schemas.microsoft.com/developer/msbuild/2003">
  <ItemGroup>
    <Filter Include="Source Files">
      <UniqueIdentifier>{4FC737F1-C7A5-4376-A066-2A32D752A2FF}</UniqueIdentifier>
      <Extensions>cpp;c;cc;cxx;def;odl;idl;hpj;bat;asm;asmx</Extensions>
    </Filter>
    <Filter Include="Header Files">
      <UniqueIdentifier>{93995380-89BD-4b04-88EB-625FBE52EBFB}</UniqueIdentifier>
      <Extensions>h;hh;hpp;hxx;hm;inl;inc;ipp;xsd</Extensions>
    </Filter>
    <Filter Include="Resource Files">
      <UniqueIdentifier>{67DA6AB6-F800-4c08-8B7A-83BB121AAD01}</UniqueIdentifier>
      <Extensions>rc;ico;cur;bmp;dlg;rc2;rct;bin;rgs;gif;jpg;jpeg;jpe;resx;tiff;tif;png;wav;mfcribbon-ms</Extensions>
    </Filter>
    <Filter Include="Third Party Libraries">
      <UniqueIdentifier>{2de6b70a-07f5-4cd4-846e-b1e7ca6840bc}</UniqueIdentifier>
    </Filter>
  </ItemGroup>
  <ItemGroup>
    <ClCompile Include="src\ApplicationBase.cpp">
      <Filter>Source Files</Filter>
    </ClCompile>
    <ClCompile Include="src\ContextMenu.cpp">
      <Filter>Source Files</Filter>
    </ClCompile>
    <ClCompile Include="src\UserCredentials.cpp">
      <Filter>Source Files</Filter>
    </ClCompile>
    <ClCompile Include="src\Dispatcher.cpp">
      <Filter>Source Files</Filter>
    </ClCompile>
    <ClCompile Include="src\dllmain.cpp">
      <Filter>Source Files</Filter>
    </ClCompile>
    <ClCompile Include="src\ExternalServicesComponent.cpp">
      <Filter>Source Files</Filter>
    </ClCompile>
    <ClCompile Include="src\ModalCommandBase.cpp">
      <Filter>Source Files</Filter>
    </ClCompile>
    <ClCompile Include="src\ModelComponent.cpp">
      <Filter>Source Files</Filter>
    </ClCompile>
    <ClCompile Include="src\OTObject.cpp">
      <Filter>Source Files</Filter>
    </ClCompile>
    <ClCompile Include="src\SettingsData.cpp">
      <Filter>Source Files</Filter>
    </ClCompile>
    <ClCompile Include="src\TableRange.cpp">
      <Filter>Source Files</Filter>
    </ClCompile>
    <ClCompile Include="src\TypeConverter.cpp">
      <Filter>Source Files</Filter>
    </ClCompile>
    <ClCompile Include="src\UiComponent.cpp">
      <Filter>Source Files</Filter>
    </ClCompile>
    <ClCompile Include="src\UiPluginComponent.cpp">
      <Filter>Source Files</Filter>
    </ClCompile>
    <ClCompile Include="..\..\..\ThirdParty\base64\base64.c">
      <Filter>Third Party Libraries</Filter>
    </ClCompile>
  </ItemGroup>
  <ItemGroup>
    <ClInclude Include="include\OpenTwinFoundation\AbstractModelNotifier.h">
      <Filter>Header Files</Filter>
    </ClInclude>
    <ClInclude Include="include\OpenTwinFoundation\AbstractUiNotifier.h">
      <Filter>Header Files</Filter>
    </ClInclude>
    <ClInclude Include="include\OpenTwinFoundation\ApplicationBase.h">
      <Filter>Header Files</Filter>
    </ClInclude>
    <ClInclude Include="include\OpenTwinFoundation\ContextMenu.h">
      <Filter>Header Files</Filter>
    </ClInclude>
    <ClInclude Include="include\OpenTwinFoundation\UserCredentials.h">
      <Filter>Header Files</Filter>
    </ClInclude>
    <ClInclude Include="include\OpenTwinFoundation\Dispatcher.h">
      <Filter>Header Files</Filter>
    </ClInclude>
    <ClInclude Include="include\OpenTwinFoundation\EntityInformation.h">
      <Filter>Header Files</Filter>
    </ClInclude>
    <ClInclude Include="include\OpenTwinFoundation\ExternalServicesComponent.h">
      <Filter>Header Files</Filter>
    </ClInclude>
    <ClInclude Include="include\OpenTwinFoundation\FoundationTypes.h">
      <Filter>Header Files</Filter>
    </ClInclude>
    <ClInclude Include="include\OpenTwinFoundation\IDManager.h">
      <Filter>Header Files</Filter>
    </ClInclude>
    <ClInclude Include="include\OpenTwinFoundation\Matrix.h">
      <Filter>Header Files</Filter>
    </ClInclude>
    <ClInclude Include="include\OpenTwinFoundation\Matrix.hpp">
      <Filter>Header Files</Filter>
    </ClInclude>
    <ClInclude Include="include\OpenTwinFoundation\MatrixFactory.h">
      <Filter>Header Files</Filter>
    </ClInclude>
    <ClInclude Include="include\OpenTwinFoundation\MatrixFactory.hpp">
      <Filter>Header Files</Filter>
    </ClInclude>
    <ClInclude Include="include\OpenTwinFoundation\MenuButtonDescription.h">
      <Filter>Header Files</Filter>
    </ClInclude>
    <ClInclude Include="include\OpenTwinFoundation\ModalCommandBase.h">
      <Filter>Header Files</Filter>
    </ClInclude>
    <ClInclude Include="include\OpenTwinFoundation\ModelComponent.h">
      <Filter>Header Files</Filter>
    </ClInclude>
    <ClInclude Include="include\OpenTwinFoundation\OTObject.h">
      <Filter>Header Files</Filter>
    </ClInclude>
    <ClInclude Include="include\OpenTwinFoundation\SettingsData.h">
      <Filter>Header Files</Filter>
    </ClInclude>
    <ClInclude Include="include\OpenTwinFoundation\TableRange.h">
      <Filter>Header Files</Filter>
    </ClInclude>
    <ClInclude Include="include\OpenTwinFoundation\TypeConverter.h">
      <Filter>Header Files</Filter>
    </ClInclude>
    <ClInclude Include="include\OpenTwinFoundation\UiComponent.h">
      <Filter>Header Files</Filter>
    </ClInclude>
    <ClInclude Include="include\OpenTwinFoundation\UiPluginComponent.h">
      <Filter>Header Files</Filter>
    </ClInclude>
    <ClInclude Include="include\OpenTwinFoundation\FoundationAPIExport.h">
      <Filter>Header Files</Filter>
    </ClInclude>
    <ClInclude Include="..\..\..\ThirdParty\base64\base64.h">
      <Filter>Third Party Libraries</Filter>
    </ClInclude>
  </ItemGroup>
</Project>