<?xml version="1.0" encoding="utf-8"?>
<Project ToolsVersion="4.0" xmlns="http://schemas.microsoft.com/developer/msbuild/2003">
  <ItemGroup>
    <Filter Include="Source Files">
      <UniqueIdentifier>{4FC737F1-C7A5-4376-A066-2A32D752A2FF}</UniqueIdentifier>
      <Extensions>cpp;c;cc;cxx;def;odl;idl;hpj;bat;asm;asmx</Extensions>
    </Filter>
    <Filter Include="Header Files">
      <UniqueIdentifier>{93995380-89BD-4b04-88EB-625FBE52EBFB}</UniqueIdentifier>
      <Extensions>h;hh;hpp;hxx;hm;inl;inc;xsd</Extensions>
    </Filter>
    <Filter Include="Resource Files">
      <UniqueIdentifier>{67DA6AB6-F800-4c08-8B7A-83BB121AAD01}</UniqueIdentifier>
      <Extensions>rc;ico;cur;bmp;dlg;rc2;rct;bin;rgs;gif;jpg;jpeg;jpe;resx;tiff;tif;png;wav;mfcribbon-ms</Extensions>
    </Filter>
    <Filter Include="Form Files">
      <UniqueIdentifier>{99349809-55BA-4b9d-BF79-8FDBB0286EB3}</UniqueIdentifier>
      <Extensions>ui</Extensions>
    </Filter>
    <Filter Include="Resource Files">
      <UniqueIdentifier>{D9D6E242-F8AF-46E4-B9FD-80ECBC20BA3E}</UniqueIdentifier>
      <Extensions>qrc;*</Extensions>
      <ParseFiles>false</ParseFiles>
    </Filter>
    <Filter Include="Source Files\ak">
      <UniqueIdentifier>{2710fd67-a60b-4d91-88d3-1b7bcb4316f9}</UniqueIdentifier>
    </Filter>
    <Filter Include="Header Files\ak">
      <UniqueIdentifier>{36ada582-d60b-4b41-8f9e-9930fe75e6b8}</UniqueIdentifier>
    </Filter>
    <Filter Include="Header Files\ak\Core">
      <UniqueIdentifier>{ac31f2ef-9e74-4bb9-8118-efb87b5edd04}</UniqueIdentifier>
    </Filter>
    <Filter Include="Header Files\ak\Dialogs">
      <UniqueIdentifier>{9edd78e5-9295-43c4-94dd-7bfaba3618bb}</UniqueIdentifier>
    </Filter>
    <Filter Include="Header Files\ak\Widgets">
      <UniqueIdentifier>{921a4c90-e2eb-4496-8903-2cff4d821bc3}</UniqueIdentifier>
    </Filter>
    <Filter Include="Source Files\ak\API">
      <UniqueIdentifier>{dcf8cd4f-3056-4bf5-a4c5-f4ae775327cb}</UniqueIdentifier>
    </Filter>
    <Filter Include="Source Files\ak\Dialogs">
      <UniqueIdentifier>{e825047d-62a8-4894-86e2-977fb0bd3044}</UniqueIdentifier>
    </Filter>
    <Filter Include="Source Files\ak\Gui">
      <UniqueIdentifier>{d6b9540d-37ca-4c34-8216-1f561e22dbee}</UniqueIdentifier>
    </Filter>
    <Filter Include="Source Files\ak\Widgets">
      <UniqueIdentifier>{a7dea970-f7fb-44d5-a73a-14f4c34a4ee1}</UniqueIdentifier>
    </Filter>
    <Filter Include="Header Files\ak\API">
      <UniqueIdentifier>{7b520511-d9c0-4030-9098-c061a6fb147d}</UniqueIdentifier>
    </Filter>
    <Filter Include="Header Files\ak\DB">
      <UniqueIdentifier>{dfecc335-7b02-4b5e-950a-d2fa2a3e584a}</UniqueIdentifier>
    </Filter>
    <Filter Include="Source Files\ak\DB">
      <UniqueIdentifier>{67885434-bfa7-45bb-8c7d-138b424fcf7d}</UniqueIdentifier>
    </Filter>
    <Filter Include="Source Files\ak\Core">
      <UniqueIdentifier>{a879db62-2335-4cc1-a85d-2e547201489d}</UniqueIdentifier>
    </Filter>
    <Filter Include="Header Files\ak\Gui">
      <UniqueIdentifier>{d556ea47-e364-401a-a1c8-c5da39976efd}</UniqueIdentifier>
    </Filter>
    <Filter Include="Header Files\ak\Tools">
      <UniqueIdentifier>{9e519710-e8e2-4f29-ac04-e1f15f0cfcde}</UniqueIdentifier>
    </Filter>
    <Filter Include="Source Files\ak\Tools">
      <UniqueIdentifier>{7ab511ab-3d78-4029-8165-9172f21f5506}</UniqueIdentifier>
    </Filter>
  </ItemGroup>
  <ItemGroup>
    <ClCompile Include="src\dllmain.cpp">
      <Filter>Source Files</Filter>
    </ClCompile>
    <ClCompile Include="src\akAPI\uiAPI.cpp">
      <Filter>Source Files\ak\API</Filter>
    </ClCompile>
    <ClCompile Include="src\akCore\aException.cpp">
      <Filter>Source Files\ak\Core</Filter>
    </ClCompile>
    <ClCompile Include="src\akCore\aFile.cpp">
      <Filter>Source Files\ak\Core</Filter>
    </ClCompile>
    <ClCompile Include="src\akCore\akCore.cpp">
      <Filter>Source Files\ak\Core</Filter>
    </ClCompile>
    <ClCompile Include="src\akCore\aMessenger.cpp">
      <Filter>Source Files\ak\Core</Filter>
    </ClCompile>
    <ClCompile Include="src\akCore\aNotifier.cpp">
      <Filter>Source Files\ak\Core</Filter>
    </ClCompile>
    <ClCompile Include="src\akCore\aNotifierObjectManager.cpp">
      <Filter>Source Files\ak\Core</Filter>
    </ClCompile>
    <ClCompile Include="src\akCore\aObject.cpp">
      <Filter>Source Files\ak\Core</Filter>
    </ClCompile>
    <ClCompile Include="src\akCore\aSingletonAllowedMessages.cpp">
      <Filter>Source Files\ak\Core</Filter>
    </ClCompile>
    <ClCompile Include="src\akCore\aUidManager.cpp">
      <Filter>Source Files\ak\Core</Filter>
    </ClCompile>
    <ClCompile Include="src\akCore\rJSON.cpp">
      <Filter>Source Files\ak\Core</Filter>
    </ClCompile>
    <ClCompile Include="src\akDialogs\aLogInDialog.cpp">
      <Filter>Source Files\ak\Dialogs</Filter>
    </ClCompile>
    <ClCompile Include="src\akDialogs\aPromptDialog.cpp">
      <Filter>Source Files\ak\Dialogs</Filter>
    </ClCompile>
    <ClCompile Include="src\akGui\aAction.cpp">
      <Filter>Source Files\ak\Gui</Filter>
    </ClCompile>
    <ClCompile Include="src\akGui\aApplication.cpp">
      <Filter>Source Files\ak\Gui</Filter>
    </ClCompile>
    <ClCompile Include="src\akGui\aColor.cpp">
      <Filter>Source Files\ak\Gui</Filter>
    </ClCompile>
    <ClCompile Include="src\akGui\aColorStyle.cpp">
      <Filter>Source Files\ak\Gui</Filter>
    </ClCompile>
    <ClCompile Include="src\akGui\aColorStyleDefault.cpp">
      <Filter>Source Files\ak\Gui</Filter>
    </ClCompile>
    <ClCompile Include="src\akGui\aColorStyleDefaultDark.cpp">
      <Filter>Source Files\ak\Gui</Filter>
    </ClCompile>
    <ClCompile Include="src\akGui\aDialog.cpp">
      <Filter>Source Files\ak\Gui</Filter>
    </ClCompile>
    <ClCompile Include="src\akGui\aObjectManager.cpp">
      <Filter>Source Files\ak\Gui</Filter>
    </ClCompile>
    <ClCompile Include="src\akGui\aPaintable.cpp">
      <Filter>Source Files\ak\Gui</Filter>
    </ClCompile>
    <ClCompile Include="src\akGui\aSignalLinker.cpp">
      <Filter>Source Files\ak\Gui</Filter>
    </ClCompile>
    <ClCompile Include="src\akGui\aTtbContainer.cpp">
      <Filter>Source Files\ak\Gui</Filter>
    </ClCompile>
    <ClCompile Include="src\akWidgets\aCheckBoxWidget.cpp">
      <Filter>Source Files\ak\Widgets</Filter>
    </ClCompile>
    <ClCompile Include="src\akWidgets\aColorEditButtonWidget.cpp">
      <Filter>Source Files\ak\Widgets</Filter>
    </ClCompile>
    <ClCompile Include="src\akWidgets\aComboBoxWidget.cpp">
      <Filter>Source Files\ak\Widgets</Filter>
    </ClCompile>
    <ClCompile Include="src\akWidgets\aComboButtonWidget.cpp">
      <Filter>Source Files\ak\Widgets</Filter>
    </ClCompile>
    <ClCompile Include="src\akWidgets\aComboButtonWidgetItem.cpp">
      <Filter>Source Files\ak\Widgets</Filter>
    </ClCompile>
    <ClCompile Include="src\akWidgets\aDockWidget.cpp">
      <Filter>Source Files\ak\Widgets</Filter>
    </ClCompile>
    <ClCompile Include="src\akWidgets\aLabelWidget.cpp">
      <Filter>Source Files\ak\Widgets</Filter>
    </ClCompile>
    <ClCompile Include="src\akWidgets\aLineEditWidget.cpp">
      <Filter>Source Files\ak\Widgets</Filter>
    </ClCompile>
    <ClCompile Include="src\akWidgets\aListWidget.cpp">
      <Filter>Source Files\ak\Widgets</Filter>
    </ClCompile>
    <ClCompile Include="src\akWidgets\aNiceLineEditWidget.cpp">
      <Filter>Source Files\ak\Widgets</Filter>
    </ClCompile>
    <ClCompile Include="src\akWidgets\aPushButtonWidget.cpp">
      <Filter>Source Files\ak\Widgets</Filter>
    </ClCompile>
    <ClCompile Include="src\akWidgets\aRadioButtonWidget.cpp">
      <Filter>Source Files\ak\Widgets</Filter>
    </ClCompile>
    <ClCompile Include="src\akWidgets\aTableWidget.cpp">
      <Filter>Source Files\ak\Widgets</Filter>
    </ClCompile>
    <ClCompile Include="src\akWidgets\aTabWidget.cpp">
      <Filter>Source Files\ak\Widgets</Filter>
    </ClCompile>
    <ClCompile Include="src\akWidgets\aTextEditWidget.cpp">
      <Filter>Source Files\ak\Widgets</Filter>
    </ClCompile>
    <ClCompile Include="src\akWidgets\aToolButtonWidget.cpp">
      <Filter>Source Files\ak\Widgets</Filter>
    </ClCompile>
    <ClCompile Include="src\akWidgets\aTreeWidget.cpp">
      <Filter>Source Files\ak\Widgets</Filter>
    </ClCompile>
    <ClCompile Include="src\akWidgets\aTtbGroup.cpp">
      <Filter>Source Files\ak\Widgets</Filter>
    </ClCompile>
    <ClCompile Include="src\akWidgets\aTtbPage.cpp">
      <Filter>Source Files\ak\Widgets</Filter>
    </ClCompile>
    <ClCompile Include="src\akWidgets\aTtbSubgroup.cpp">
      <Filter>Source Files\ak\Widgets</Filter>
    </ClCompile>
    <ClCompile Include="src\akWidgets\aWidget.cpp">
      <Filter>Source Files\ak\Widgets</Filter>
    </ClCompile>
    <ClCompile Include="src\akWidgets\aWindow.cpp">
      <Filter>Source Files\ak\Widgets</Filter>
    </ClCompile>
    <ClCompile Include="src\akWidgets\aWindowManager.cpp">
      <Filter>Source Files\ak\Widgets</Filter>
    </ClCompile>
    <ClCompile Include="src\akWidgets\aWindowManagerTimerSignalLinker.cpp">
      <Filter>Source Files\ak\Widgets</Filter>
    </ClCompile>
    <ClCompile Include="src\akGui\aSpecialTabBar.cpp">
      <Filter>Source Files\ak\Gui</Filter>
    </ClCompile>
    <ClCompile Include="src\akGui\aTimer.cpp">
      <Filter>Source Files\ak\Gui</Filter>
    </ClCompile>
    <ClCompile Include="src\akGui\aContextMenuItem.cpp">
      <Filter>Source Files\ak\Gui</Filter>
    </ClCompile>
    <ClCompile Include="src\akWidgets\aGraphicsWidget.cpp">
      <Filter>Source Files\ak\Widgets</Filter>
    </ClCompile>
    <ClCompile Include="src\akCore\aDateHelper.cpp">
      <Filter>Source Files\ak\Core</Filter>
    </ClCompile>
    <ClCompile Include="src\akWidgets\aDatePickWidget.cpp">
      <Filter>Source Files\ak\Widgets</Filter>
    </ClCompile>
    <ClCompile Include="src\akWidgets\aCalendarWidget.cpp">
      <Filter>Source Files\ak\Widgets</Filter>
    </ClCompile>
    <ClCompile Include="src\akWidgets\aTimePickWidget.cpp">
      <Filter>Source Files\ak\Widgets</Filter>
    </ClCompile>
    <ClCompile Include="src\akWidgets\aSpinBoxWidget.cpp">
      <Filter>Source Files\ak\Widgets</Filter>
    </ClCompile>
    <ClCompile Include="src\akWidgets\aDoubleSpinBoxWidget.cpp">
      <Filter>Source Files\ak\Widgets</Filter>
    </ClCompile>
    <ClCompile Include="src\akWidgets\aDockWatcherWidget.cpp">
      <Filter>Source Files\ak\Widgets</Filter>
    </ClCompile>
    <ClCompile Include="src\akWidgets\aColorStyleSwitchWidget.cpp">
      <Filter>Source Files\ak\Widgets</Filter>
    </ClCompile>
    <ClCompile Include="src\akGui\aCustomizableColorStyle.cpp">
      <Filter>Source Files\ak\Gui</Filter>
    </ClCompile>
    <ClCompile Include="src\akDB\aMSSQLWrapper.cpp">
      <Filter>Source Files\ak\DB</Filter>
    </ClCompile>
    <ClCompile Include="src\akCore\aDate.cpp">
      <Filter>Source Files\ak\Core</Filter>
    </ClCompile>
    <ClCompile Include="src\akCore\aTime.cpp">
      <Filter>Source Files\ak\Core</Filter>
    </ClCompile>
    <ClCompile Include="src\akDialogs\aCustomizableInputDialog.cpp">
      <Filter>Source Files\ak\Dialogs</Filter>
    </ClCompile>
    <ClCompile Include="src\akWidgets\aPropertyGridWidget.cpp">
      <Filter>Source Files\ak\Widgets</Filter>
    </ClCompile>
    <ClCompile Include="src\akCore\aBasicDictionary.cpp">
      <Filter>Source Files\ak\Core</Filter>
    </ClCompile>
    <ClCompile Include="src\akGui\aGlobalKeyListener.cpp">
      <Filter>Source Files\ak\Gui</Filter>
    </ClCompile>
    <ClCompile Include="src\akDialogs\aOptionsDialog.cpp">
      <Filter>Source Files\ak\Dialogs</Filter>
    </ClCompile>
    <ClCompile Include="src\akGui\aToolButtonCustomContextMenu.cpp">
      <Filter>Source Files\ak\Gui</Filter>
    </ClCompile>
    <ClCompile Include="src\akWidgets\aAnimationOverlayWidget.cpp">
      <Filter>Source Files\ak\Widgets</Filter>
    </ClCompile>
    <ClCompile Include="src\akGui\aColorStyleDefaultBlue.cpp">
      <Filter>Source Files\ak\Gui</Filter>
    </ClCompile>
    <ClCompile Include="src\akTools\aFormula.cpp">
      <Filter>Source Files\ak\Tools</Filter>
    </ClCompile>
    <ClCompile Include="src\akTools\ClassHelper.cpp">
      <Filter>Source Files\ak\Tools</Filter>
    </ClCompile>
    <ClCompile Include="src\akWidgets\aChecklistWidget.cpp">
      <Filter>Source Files\ak\Widgets</Filter>
    </ClCompile>
    <ClCompile Include="src\akWidgets\aPlainTextEditWidget.cpp">
      <Filter>Source Files\ak\Widgets</Filter>
    </ClCompile>
  </ItemGroup>
  <ItemGroup>
    <ClInclude Include="include\akCore\aException.h">
      <Filter>Header Files\ak\Core</Filter>
    </ClInclude>
    <ClInclude Include="include\akCore\aFile.h">
      <Filter>Header Files\ak\Core</Filter>
    </ClInclude>
    <ClInclude Include="include\akCore\akCore.h">
      <Filter>Header Files\ak\Core</Filter>
    </ClInclude>
    <ClInclude Include="include\akCore\aMessenger.h">
      <Filter>Header Files\ak\Core</Filter>
    </ClInclude>
    <ClInclude Include="include\akCore\aNotifier.h">
      <Filter>Header Files\ak\Core</Filter>
    </ClInclude>
    <ClInclude Include="include\akCore\aNotifierObjectManager.h">
      <Filter>Header Files\ak\Core</Filter>
    </ClInclude>
    <ClInclude Include="include\akCore\aObject.h">
      <Filter>Header Files\ak\Core</Filter>
    </ClInclude>
    <ClInclude Include="include\akCore\aSingletonAllowedMessages.h">
      <Filter>Header Files\ak\Core</Filter>
    </ClInclude>
    <ClInclude Include="include\akCore\aUidMangager.h">
      <Filter>Header Files\ak\Core</Filter>
    </ClInclude>
    <ClInclude Include="include\akCore\globalDataTypes.h">
      <Filter>Header Files\ak\Core</Filter>
    </ClInclude>
    <ClInclude Include="include\akCore\rJSON.h">
      <Filter>Header Files\ak\Core</Filter>
    </ClInclude>
    <ClInclude Include="include\akGui\aApplication.h">
      <Filter>Header Files\ak\Gui</Filter>
    </ClInclude>
    <ClInclude Include="include\akGui\aColor.h">
      <Filter>Header Files\ak\Gui</Filter>
    </ClInclude>
    <ClInclude Include="include\akGui\aColorStyle.h">
      <Filter>Header Files\ak\Gui</Filter>
    </ClInclude>
    <ClInclude Include="include\akGui\aColorStyleDefault.h">
      <Filter>Header Files\ak\Gui</Filter>
    </ClInclude>
    <ClInclude Include="include\akGui\aColorStyleDefaultDark.h">
      <Filter>Header Files\ak\Gui</Filter>
    </ClInclude>
    <ClInclude Include="include\akGui\aObjectManager.h">
      <Filter>Header Files\ak\Gui</Filter>
    </ClInclude>
    <ClInclude Include="include\akGui\aPaintable.h">
      <Filter>Header Files\ak\Gui</Filter>
    </ClInclude>
    <ClInclude Include="include\akGui\aTtbContainer.h">
      <Filter>Header Files\ak\Gui</Filter>
    </ClInclude>
    <ClInclude Include="include\akWidgets\aTtbGroup.h">
      <Filter>Header Files\ak\Widgets</Filter>
    </ClInclude>
    <ClInclude Include="include\akWidgets\aTtbPage.h">
      <Filter>Header Files\ak\Widgets</Filter>
    </ClInclude>
    <ClInclude Include="include\akWidgets\aTtbSubgroup.h">
      <Filter>Header Files\ak\Widgets</Filter>
    </ClInclude>
    <ClInclude Include="include\akWidgets\aWidget.h">
      <Filter>Header Files\ak\Widgets</Filter>
    </ClInclude>
    <ClInclude Include="include\akGui\aWindowEventHandler.h">
      <Filter>Header Files\ak\Gui</Filter>
    </ClInclude>
    <ClInclude Include="include\akGui\aTimer.h">
      <Filter>Header Files\ak\Gui</Filter>
    </ClInclude>
    <ClInclude Include="include\akCore\aDateHelper.h">
      <Filter>Header Files\ak\Core</Filter>
    </ClInclude>
    <ClInclude Include="include\akWidgets\aCalendarWidget.h">
      <Filter>Header Files\ak\Widgets</Filter>
    </ClInclude>
    <ClInclude Include="include\akGui\aCustomizableColorStyle.h">
      <Filter>Header Files\ak\Gui</Filter>
    </ClInclude>
    <ClInclude Include="include\akDB\aMSSQLWrapper.h">
      <Filter>Header Files\ak\DB</Filter>
    </ClInclude>
    <ClInclude Include="include\akCore\aDate.h">
      <Filter>Header Files\ak\Core</Filter>
    </ClInclude>
    <ClInclude Include="include\akCore\aTime.h">
      <Filter>Header Files\ak\Core</Filter>
    </ClInclude>
    <ClInclude Include="include\akCore\aBasicDictionary.h">
      <Filter>Header Files\ak\Core</Filter>
    </ClInclude>
    <ClInclude Include="include\akCore\aAbstractDictionary.h">
      <Filter>Header Files\ak\Core</Filter>
    </ClInclude>
    <ClInclude Include="include\akCore\aAssert.h">
      <Filter>Header Files\ak\Core</Filter>
    </ClInclude>
    <ClInclude Include="include\akAPI\uiAPI.h">
      <Filter>Header Files\ak\API</Filter>
    </ClInclude>
    <ClInclude Include="include\akGui\aColorStyleDefaultBlue.h">
      <Filter>Header Files\ak\Gui</Filter>
    </ClInclude>
    <ClInclude Include="include\akTools\aFormula.h">
      <Filter>Header Files\ak\Tools</Filter>
    </ClInclude>
    <ClInclude Include="include\akCore\aJSONHelper.h">
      <Filter>Header Files\ak\Core</Filter>
    </ClInclude>
    <ClInclude Include="include\akTools\ClassHelper.h">
      <Filter>Header Files\ak\Tools</Filter>
    </ClInclude>
  </ItemGroup>
  <ItemGroup>
    <QtMoc Include="include\akDialogs\aLogInDialog.h">
      <Filter>Header Files\ak\Dialogs</Filter>
    </QtMoc>
    <QtMoc Include="include\akDialogs\aPromptDialog.h">
      <Filter>Header Files\ak\Dialogs</Filter>
    </QtMoc>
    <QtMoc Include="include\akGui\aAction.h">
      <Filter>Header Files\ak\Gui</Filter>
    </QtMoc>
    <QtMoc Include="include\akGui\aSignalLinker.h">
      <Filter>Header Files\ak\Gui</Filter>
    </QtMoc>
    <QtMoc Include="include\akWidgets\aCheckBoxWidget.h">
      <Filter>Header Files\ak\Widgets</Filter>
    </QtMoc>
    <QtMoc Include="include\akWidgets\aColorEditButtonWidget.h">
      <Filter>Header Files\ak\Widgets</Filter>
    </QtMoc>
    <QtMoc Include="include\akWidgets\aComboBoxWidget.h">
      <Filter>Header Files\ak\Widgets</Filter>
    </QtMoc>
    <QtMoc Include="include\akWidgets\aComboButtonWidget.h">
      <Filter>Header Files\ak\Widgets</Filter>
    </QtMoc>
    <QtMoc Include="include\akWidgets\aComboButtonWidgetItem.h">
      <Filter>Header Files\ak\Widgets</Filter>
    </QtMoc>
    <QtMoc Include="include\akWidgets\aDockWidget.h">
      <Filter>Header Files\ak\Widgets</Filter>
    </QtMoc>
    <QtMoc Include="include\akWidgets\aLabelWidget.h">
      <Filter>Header Files\ak\Widgets</Filter>
    </QtMoc>
    <QtMoc Include="include\akWidgets\aLineEditWidget.h">
      <Filter>Header Files\ak\Widgets</Filter>
    </QtMoc>
    <QtMoc Include="include\akWidgets\aListWidget.h">
      <Filter>Header Files\ak\Widgets</Filter>
    </QtMoc>
    <QtMoc Include="include\akWidgets\aNiceLineEditWidget.h">
      <Filter>Header Files\ak\Widgets</Filter>
    </QtMoc>
    <QtMoc Include="include\akWidgets\aPushButtonWidget.h">
      <Filter>Header Files\ak\Widgets</Filter>
    </QtMoc>
    <QtMoc Include="include\akWidgets\aRadioButtonWidget.h">
      <Filter>Header Files\ak\Widgets</Filter>
    </QtMoc>
    <QtMoc Include="include\akWidgets\aTableWidget.h">
      <Filter>Header Files\ak\Widgets</Filter>
    </QtMoc>
    <QtMoc Include="include\akWidgets\aTabWidget.h">
      <Filter>Header Files\ak\Widgets</Filter>
    </QtMoc>
    <QtMoc Include="include\akWidgets\aTextEditWidget.h">
      <Filter>Header Files\ak\Widgets</Filter>
    </QtMoc>
    <QtMoc Include="include\akWidgets\aToolButtonWidget.h">
      <Filter>Header Files\ak\Widgets</Filter>
    </QtMoc>
    <QtMoc Include="include\akWidgets\aTreeWidget.h">
      <Filter>Header Files\ak\Widgets</Filter>
    </QtMoc>
    <QtMoc Include="include\akWidgets\aWindow.h">
      <Filter>Header Files\ak\Widgets</Filter>
    </QtMoc>
    <QtMoc Include="include\akWidgets\aWindowManager.h">
      <Filter>Header Files\ak\Widgets</Filter>
    </QtMoc>
    <QtMoc Include="include\akWidgets\aWindowManagerTimerSignalLinker.h">
      <Filter>Header Files\ak\Widgets</Filter>
    </QtMoc>
    <QtMoc Include="include\akWidgets\aGraphicsWidget.h">
      <Filter>Header Files\ak\Widgets</Filter>
    </QtMoc>
    <QtMoc Include="include\akGui\aSpecialTabBar.h">
      <Filter>Header Files\ak\Gui</Filter>
    </QtMoc>
    <QtMoc Include="include\akGui\aContextMenuItem.h">
      <Filter>Header Files\ak\Gui</Filter>
    </QtMoc>
    <QtMoc Include="include\akWidgets\aDatePickWidget.h">
      <Filter>Header Files\ak\Widgets</Filter>
    </QtMoc>
    <QtMoc Include="include\akWidgets\aTimePickWidget.h">
      <Filter>Header Files\ak\Widgets</Filter>
    </QtMoc>
    <QtMoc Include="include\akWidgets\aSpinBoxWidget.h">
      <Filter>Header Files\ak\Widgets</Filter>
    </QtMoc>
    <QtMoc Include="include\akWidgets\aDoubleSpinBoxWidget.h">
      <Filter>Header Files\ak\Widgets</Filter>
    </QtMoc>
    <QtMoc Include="include\akWidgets\aDockWatcherWidget.h">
      <Filter>Header Files\ak\Widgets</Filter>
    </QtMoc>
    <QtMoc Include="include\akWidgets\aColorStyleSwitchWidget.h">
      <Filter>Header Files\ak\Widgets</Filter>
    </QtMoc>
    <QtMoc Include="include\akDialogs\aCustomizableInputDialog.h">
      <Filter>Header Files\ak\Dialogs</Filter>
    </QtMoc>
    <QtMoc Include="include\akWidgets\aPropertyGridWidget.h">
      <Filter>Header Files\ak\Widgets</Filter>
    </QtMoc>
    <QtMoc Include="include\akGui\aGlobalKeyListener.h">
      <Filter>Header Files\ak\Gui</Filter>
    </QtMoc>
    <QtMoc Include="include\akGui\aDialog.h">
      <Filter>Header Files\ak\Gui</Filter>
    </QtMoc>
    <QtMoc Include="include\akDialogs\aOptionsDialog.h">
      <Filter>Header Files\ak\Dialogs</Filter>
    </QtMoc>
    <QtMoc Include="include\akGui\aToolButtonCustomContextMenu.h">
      <Filter>Header Files\ak\Gui</Filter>
    </QtMoc>
    <QtMoc Include="include\akWidgets\aAnimationOverlayWidget.h">
      <Filter>Header Files\ak\Widgets</Filter>
    </QtMoc>
    <QtMoc Include="include\akWidgets\aChecklistWidget.h">
      <Filter>Header Files\ak\Widgets</Filter>
    </QtMoc>
    <QtMoc Include="include\akWidgets\aPlainTextEditWidget.h">
      <Filter>Header Files\ak\Widgets</Filter>
    </QtMoc>
  </ItemGroup>
</Project>