<?xml version="1.0" encoding="utf-8"?>
<Project ToolsVersion="4.0" xmlns="http://schemas.microsoft.com/developer/msbuild/2003">
  <ItemGroup>
    <Filter Include="Source Files">
      <UniqueIdentifier>{4FC737F1-C7A5-4376-A066-2A32D752A2FF}</UniqueIdentifier>
      <Extensions>cpp;c;cc;cxx;def;odl;idl;hpj;bat;asm;asmx</Extensions>
    </Filter>
    <Filter Include="Header Files">
      <UniqueIdentifier>{93995380-89BD-4b04-88EB-625FBE52EBFB}</UniqueIdentifier>
      <Extensions>h;hh;hpp;hxx;hm;inl;inc;ipp;xsd</Extensions>
    </Filter>
    <Filter Include="Source Files\BlockHandling">
      <UniqueIdentifier>{031a1c64-1cf3-426f-b9f8-0022d3323f52}</UniqueIdentifier>
    </Filter>
    <Filter Include="Header Files\BlockFunctionality">
      <UniqueIdentifier>{89e29ce9-6af8-450f-8a78-e27680275438}</UniqueIdentifier>
    </Filter>
    <Filter Include="Header Files\Blocks">
      <UniqueIdentifier>{bf16a846-2f75-44b8-9ca9-c6a41bf17c4f}</UniqueIdentifier>
    </Filter>
    <Filter Include="Source Files\Resource Files">
      <UniqueIdentifier>{67DA6AB6-F800-4c08-8B7A-83BB121AAD01}</UniqueIdentifier>
      <Extensions>rc;ico;cur;bmp;dlg;rc2;rct;bin;rgs;gif;jpg;jpeg;jpe;resx;tiff;tif;png;wav;mfcribbon-ms</Extensions>
    </Filter>
    <Filter Include="Header Files\GraphHandling">
      <UniqueIdentifier>{47c53168-2789-4b63-8e14-1373dc17104c}</UniqueIdentifier>
    </Filter>
    <Filter Include="Source Files\GraphHandling">
      <UniqueIdentifier>{c098a613-e070-4648-b5cf-0856a45e3436}</UniqueIdentifier>
    </Filter>
  </ItemGroup>
  <ItemGroup>
    <ClCompile Include="src\dllmain.cpp">
      <Filter>Source Files</Filter>
    </ClCompile>
    <ClCompile Include="src\Application.cpp">
      <Filter>Source Files</Filter>
    </ClCompile>
    <ClCompile Include="src\UiNotifier.cpp">
      <Filter>Source Files</Filter>
    </ClCompile>
    <ClCompile Include="src\ModelNotifier.cpp">
      <Filter>Source Files</Filter>
    </ClCompile>
    <ClCompile Include="src\BlockHandlerDatabaseAccess.cpp">
      <Filter>Source Files\BlockHandling</Filter>
    </ClCompile>
    <ClCompile Include="src\BlockHandlerPlot1D.cpp">
      <Filter>Source Files\BlockHandling</Filter>
    </ClCompile>
    <ClCompile Include="src\BlockEntityHandler.cpp">
      <Filter>Source Files</Filter>
    </ClCompile>
    <ClCompile Include="src\MeasurementCampaignHandler.cpp">
      <Filter>Source Files</Filter>
    </ClCompile>
    <ClCompile Include="src\ExternalDependencies.cpp">
      <Filter>Source Files</Filter>
    </ClCompile>
    <ClCompile Include="src\PropertyHandlerDatabaseAccessBlock.cpp">
      <Filter>Source Files</Filter>
    </ClCompile>
    <ClCompile Include="src\Graph.cpp">
      <Filter>Source Files\GraphHandling</Filter>
    </ClCompile>
    <ClCompile Include="src\GraphNode.cpp">
      <Filter>Source Files\GraphHandling</Filter>
    </ClCompile>
    <ClCompile Include="src\ValidityHandler.cpp">
      <Filter>Source Files</Filter>
    </ClCompile>
    <ClCompile Include="src\BlockHandler.cpp">
      <Filter>Source Files\BlockHandling</Filter>
    </ClCompile>
    <ClCompile Include="src\PipelineHandler.cpp">
      <Filter>Source Files</Filter>
    </ClCompile>
    <ClCompile Include="src\BlockHandlerPython.cpp">
      <Filter>Source Files</Filter>
    </ClCompile>
  </ItemGroup>
  <ItemGroup>
    <ClInclude Include="include\Application.h">
      <Filter>Header Files</Filter>
    </ClInclude>
    <ClInclude Include="include\UiNotifier.h">
      <Filter>Header Files</Filter>
    </ClInclude>
    <ClInclude Include="include\ModelNotifier.h">
      <Filter>Header Files</Filter>
    </ClInclude>
    <ClInclude Include="include\BlockHandler.h">
      <Filter>Header Files\BlockFunctionality</Filter>
    </ClInclude>
    <ClInclude Include="include\BlockHandlerDatabaseAccess.h">
      <Filter>Header Files\BlockFunctionality</Filter>
    </ClInclude>
    <ClInclude Include="include\BlockHandlerPlot1D.h">
      <Filter>Header Files\BlockFunctionality</Filter>
    </ClInclude>
    <ClInclude Include="include\BlockEntityHandler.h">
      <Filter>Header Files</Filter>
    </ClInclude>
    <ClInclude Include="include\MeasurementCampaignHandler.h">
      <Filter>Header Files</Filter>
    </ClInclude>
    <ClInclude Include="include\ExternalDependencies.h">
      <Filter>Header Files</Filter>
    </ClInclude>
    <ClInclude Include="include\BufferBlockDatabaseAccess.h">
      <Filter>Header Files\Blocks</Filter>
    </ClInclude>
    <ClInclude Include="include\PropertyHandlerDatabaseAccessBlock.h">
      <Filter>Header Files</Filter>
    </ClInclude>
    <ClInclude Include="include\Graph.h">
      <Filter>Header Files\GraphHandling</Filter>
    </ClInclude>
    <ClInclude Include="include\GraphNode.h">
      <Filter>Header Files\GraphHandling</Filter>
    </ClInclude>
    <ClInclude Include="include\ValidityHandler.h">
      <Filter>Header Files</Filter>
    </ClInclude>
    <ClInclude Include="include\PipelineHandler.h">
      <Filter>Header Files</Filter>
    </ClInclude>
    <ClInclude Include="include\BlockHandlerPython.h">
      <Filter>Header Files\BlockFunctionality</Filter>
    </ClInclude>
  </ItemGroup>
</Project>