<?xml version="1.0" encoding="utf-8"?>
<Project ToolsVersion="4.0" xmlns="http://schemas.microsoft.com/developer/msbuild/2003">
  <ItemGroup>
    <Filter Include="Source Files">
      <UniqueIdentifier>{4FC737F1-C7A5-4376-A066-2A32D752A2FF}</UniqueIdentifier>
      <Extensions>cpp;c;cc;cxx;def;odl;idl;hpj;bat;asm;asmx</Extensions>
    </Filter>
    <Filter Include="Header Files">
      <UniqueIdentifier>{93995380-89BD-4b04-88EB-625FBE52EBFB}</UniqueIdentifier>
      <Extensions>h;hh;hpp;hxx;hm;inl;inc;ipp;xsd</Extensions>
    </Filter>
    <Filter Include="Header Files\BlockFunctionality">
      <UniqueIdentifier>{89e29ce9-6af8-450f-8a78-e27680275438}</UniqueIdentifier>
    </Filter>
    <Filter Include="Header Files\GraphHandling">
      <UniqueIdentifier>{47c53168-2789-4b63-8e14-1373dc17104c}</UniqueIdentifier>
    </Filter>
    <Filter Include="Source Files\GraphHandling">
      <UniqueIdentifier>{c098a613-e070-4648-b5cf-0856a45e3436}</UniqueIdentifier>
    </Filter>
    <Filter Include="Source Files\BlockFunctionality">
      <UniqueIdentifier>{031a1c64-1cf3-426f-b9f8-0022d3323f52}</UniqueIdentifier>
    </Filter>
    <Filter Include="Source Files\PipelineData">
      <UniqueIdentifier>{d388b899-dbd2-4edd-94c1-f1a12f58bb82}</UniqueIdentifier>
    </Filter>
    <Filter Include="Header Files\Pipeline Data">
      <UniqueIdentifier>{dccbd867-ba01-446c-9131-6841110758b1}</UniqueIdentifier>
    </Filter>
    <Filter Include="Header Files\Helper">
      <UniqueIdentifier>{b35061e5-9426-4e30-b521-e6b66a278c3f}</UniqueIdentifier>
    </Filter>
  </ItemGroup>
  <ItemGroup>
    <ClCompile Include="src\dllmain.cpp">
      <Filter>Source Files</Filter>
    </ClCompile>
    <ClCompile Include="src\Application.cpp">
      <Filter>Source Files</Filter>
    </ClCompile>
    <ClCompile Include="src\UiNotifier.cpp">
      <Filter>Source Files</Filter>
    </ClCompile>
    <ClCompile Include="src\ModelNotifier.cpp">
      <Filter>Source Files</Filter>
    </ClCompile>
    <ClCompile Include="src\BlockHandlerDatabaseAccess.cpp">
      <Filter>Source Files\BlockFunctionality</Filter>
    </ClCompile>
    <ClCompile Include="src\BlockEntityHandler.cpp">
      <Filter>Source Files</Filter>
    </ClCompile>
    <ClCompile Include="src\MeasurementCampaignHandler.cpp">
      <Filter>Source Files</Filter>
    </ClCompile>
    <ClCompile Include="src\PropertyHandlerDatabaseAccessBlock.cpp">
      <Filter>Source Files</Filter>
    </ClCompile>
    <ClCompile Include="src\Graph.cpp">
      <Filter>Source Files\GraphHandling</Filter>
    </ClCompile>
    <ClCompile Include="src\GraphNode.cpp">
      <Filter>Source Files\GraphHandling</Filter>
    </ClCompile>
    <ClCompile Include="src\GraphHandler.cpp">
      <Filter>Source Files</Filter>
    </ClCompile>
    <ClCompile Include="src\BlockHandler.cpp">
      <Filter>Source Files\BlockFunctionality</Filter>
    </ClCompile>
    <ClCompile Include="src\PipelineHandler.cpp">
      <Filter>Source Files</Filter>
    </ClCompile>
    <ClCompile Include="src\BlockHandlerDisplay.cpp">
      <Filter>Source Files\BlockFunctionality</Filter>
    </ClCompile>
    <ClCompile Include="src\BlockHandlerFileWriter.cpp">
      <Filter>Source Files\BlockFunctionality</Filter>
    </ClCompile>
    <ClCompile Include="src\BlockHandlerStorage.cpp">
      <Filter>Source Files\BlockFunctionality</Filter>
    </ClCompile>
    <ClCompile Include="src\BlockHandlerPython.cpp">
      <Filter>Source Files\BlockFunctionality</Filter>
    </ClCompile>
    <ClCompile Include="src\PipelineData.cpp">
      <Filter>Source Files\PipelineData</Filter>
    </ClCompile>
    <ClCompile Include="src\StringConverter.cpp">
      <Filter>Source Files</Filter>
    </ClCompile>
    <ClCompile Include="src\SolverReport.cpp">
      <Filter>Source Files</Filter>
    </ClCompile>
    <ClCompile Include="src\EntityCreator.cpp">
      <Filter>Source Files</Filter>
    </ClCompile>
  </ItemGroup>
  <ItemGroup>
    <ClInclude Include="include\Application.h">
      <Filter>Header Files</Filter>
    </ClInclude>
    <ClInclude Include="include\UiNotifier.h">
      <Filter>Header Files</Filter>
    </ClInclude>
    <ClInclude Include="include\ModelNotifier.h">
      <Filter>Header Files</Filter>
    </ClInclude>
    <ClInclude Include="include\BlockHandler.h">
      <Filter>Header Files\BlockFunctionality</Filter>
    </ClInclude>
    <ClInclude Include="include\BlockHandlerDatabaseAccess.h">
      <Filter>Header Files\BlockFunctionality</Filter>
    </ClInclude>
    <ClInclude Include="include\BlockEntityHandler.h">
      <Filter>Header Files</Filter>
    </ClInclude>
    <ClInclude Include="include\MeasurementCampaignHandler.h">
      <Filter>Header Files</Filter>
    </ClInclude>
    <ClInclude Include="include\PropertyHandlerDatabaseAccessBlock.h">
      <Filter>Header Files</Filter>
    </ClInclude>
    <ClInclude Include="include\Graph.h">
      <Filter>Header Files\GraphHandling</Filter>
    </ClInclude>
    <ClInclude Include="include\GraphNode.h">
      <Filter>Header Files\GraphHandling</Filter>
    </ClInclude>
    <ClInclude Include="include\GraphHandler.h">
      <Filter>Header Files</Filter>
    </ClInclude>
    <ClInclude Include="include\PipelineHandler.h">
      <Filter>Header Files</Filter>
    </ClInclude>
    <ClInclude Include="include\BlockHandlerPython.h">
      <Filter>Header Files\BlockFunctionality</Filter>
    </ClInclude>
    <ClInclude Include="include\BlockHandlerDisplay.h">
      <Filter>Header Files\BlockFunctionality</Filter>
    </ClInclude>
    <ClInclude Include="include\BlockHandlerFileWriter.h">
      <Filter>Header Files\BlockFunctionality</Filter>
    </ClInclude>
    <ClInclude Include="include\BlockHandlerStorage.h">
      <Filter>Header Files\BlockFunctionality</Filter>
    </ClInclude>
    <ClInclude Include="include\PipelineData.h">
      <Filter>Header Files\Pipeline Data</Filter>
    </ClInclude>
    <ClInclude Include="include\DataDocument.h">
      <Filter>Header Files\Pipeline Data</Filter>
    </ClInclude>
    <ClInclude Include="include\StringConverter.h">
      <Filter>Header Files\Helper</Filter>
    </ClInclude>
    <ClInclude Include="include\SolverReport.h">
      <Filter>Header Files</Filter>
    </ClInclude>
    <ClInclude Include="include\EntityCreator.h">
      <Filter>Header Files</Filter>
    </ClInclude>
  </ItemGroup>
</Project>