<?xml version="1.0" encoding="utf-8"?>
<Project ToolsVersion="4.0" xmlns="http://schemas.microsoft.com/developer/msbuild/2003">
  <ItemGroup>
    <ClCompile Include="src\dllmain.cpp">
      <Filter>src</Filter>
    </ClCompile>
    <ClCompile Include="src\LTSpiceConnectorAPI.cpp">
      <Filter>src</Filter>
    </ClCompile>
    <ClCompile Include="src\ProjectManager.cpp">
      <Filter>src</Filter>
    </ClCompile>
    <ClCompile Include="src\VersionFile.cpp">
      <Filter>src</Filter>
    </ClCompile>
    <ClCompile Include="src\CommitMessageDialog.cpp">
      <Filter>src</Filter>
    </ClCompile>
    <ClCompile Include="src\ProjectInformationDialog.cpp">
      <Filter>src</Filter>
    </ClCompile>
    <ClCompile Include="src\InfoFileManager.cpp">
      <Filter>src</Filter>
    </ClCompile>
    <ClCompile Include="..\..\..\ThirdParty\base64\base64.c">
      <Filter>Third Party Files</Filter>
    </ClCompile>
  </ItemGroup>
  <ItemGroup>
    <Filter Include="include">
      <UniqueIdentifier>{dc781e08-fab5-4632-abda-b91ae6477943}</UniqueIdentifier>
    </Filter>
    <Filter Include="Third Party Files">
      <UniqueIdentifier>{1e0b5a35-265a-43a3-8dbe-534da8d0db96}</UniqueIdentifier>
    </Filter>
    <Filter Include="src">
      <UniqueIdentifier>{3a2333c6-55c2-41ae-ae35-786e6bac71b8}</UniqueIdentifier>
    </Filter>
  </ItemGroup>
  <ItemGroup>
    <ClInclude Include="include\LTSpiceConnector\LTSpiceConnectorAPI.h">
      <Filter>include</Filter>
    </ClInclude>
    <ClInclude Include="include\LTSpiceConnector\ProjectManager.h">
      <Filter>include</Filter>
    </ClInclude>
    <ClInclude Include="include\LTSpiceConnector\VersionFile.h">
      <Filter>include</Filter>
    </ClInclude>
    <ClInclude Include="include\LTSpiceConnector\InfoFileManager.h">
      <Filter>include</Filter>
    </ClInclude>
  </ItemGroup>
  <ItemGroup>
    <QtMoc Include="include\LTSpiceConnector\CommitMessageDialog.h">
      <Filter>include</Filter>
    </QtMoc>
    <QtMoc Include="include\LTSpiceConnector\ProjectInformationDialog.h">
      <Filter>include</Filter>
    </QtMoc>
  </ItemGroup>
</Project>