<?xml version="1.0" encoding="utf-8"?>
<Project ToolsVersion="4.0" xmlns="http://schemas.microsoft.com/developer/msbuild/2003">
  <ItemGroup>
    <Filter Include="src">
      <UniqueIdentifier>{f5edd22b-4b94-406f-abf9-363dbe0e6b9a}</UniqueIdentifier>
    </Filter>
    <Filter Include="include">
      <UniqueIdentifier>{3d108a49-88ec-4809-89bc-4f6fc6ef765e}</UniqueIdentifier>
    </Filter>
  </ItemGroup>
  <ItemGroup>
    <ClCompile Include="scr\test.cpp">
      <Filter>src</Filter>
    </ClCompile>
  </ItemGroup>
</Project>