
Microsoft Visual Studio Solution File, Format Version 12.00
# Visual Studio 15
VisualStudioVersion = 15.0.28307.1927
MinimumVisualStudioVersion = 10.0.40219.1
Project("{8BC9CEB8-8B4A-11D0-8D11-00A0C91BC942}") = "QwtWrapper", "QwtWrapper.vcxproj", "{63A6BF5F-A201-4F33-A81F-6CE3448FE9AF}"
EndProject
Project("{8BC9CEB8-8B4A-11D0-8D11-00A0C91BC942}") = "QwtWrapperTest", "test\QwtWrapperTest\QwtWrapperTest.vcxproj", "{B5EEEA9A-BA1D-4DBE-AA87-7994A522F1CE}"
	ProjectSection(ProjectDependencies) = postProject
		{63A6BF5F-A201-4F33-A81F-6CE3448FE9AF} = {63A6BF5F-A201-4F33-A81F-6CE3448FE9AF}
	EndProjectSection
EndProject
Global
	GlobalSection(SolutionConfigurationPlatforms) = preSolution
		Debug|x64 = Debug|x64
		Debug|x86 = Debug|x86
		DebugTest|x64 = DebugTest|x64
		DebugTest|x86 = DebugTest|x86
		Release|x64 = Release|x64
		Release|x86 = Release|x86
		ReleaseTest|x64 = ReleaseTest|x64
		ReleaseTest|x86 = ReleaseTest|x86
	EndGlobalSection
	GlobalSection(ProjectConfigurationPlatforms) = postSolution
		{63A6BF5F-A201-4F33-A81F-6CE3448FE9AF}.Debug|x64.ActiveCfg = Debug|x64
		{63A6BF5F-A201-4F33-A81F-6CE3448FE9AF}.Debug|x64.Build.0 = Debug|x64
		{63A6BF5F-A201-4F33-A81F-6CE3448FE9AF}.Debug|x86.ActiveCfg = Debug|x64
		{63A6BF5F-A201-4F33-A81F-6CE3448FE9AF}.DebugTest|x64.ActiveCfg = DebugTest|x64
		{63A6BF5F-A201-4F33-A81F-6CE3448FE9AF}.DebugTest|x64.Build.0 = DebugTest|x64
		{63A6BF5F-A201-4F33-A81F-6CE3448FE9AF}.DebugTest|x86.ActiveCfg = DebugTest|x64
		{63A6BF5F-A201-4F33-A81F-6CE3448FE9AF}.Release|x64.ActiveCfg = Release|x64
		{63A6BF5F-A201-4F33-A81F-6CE3448FE9AF}.Release|x64.Build.0 = Release|x64
		{63A6BF5F-A201-4F33-A81F-6CE3448FE9AF}.Release|x86.ActiveCfg = Release|x64
		{63A6BF5F-A201-4F33-A81F-6CE3448FE9AF}.ReleaseTest|x64.ActiveCfg = ReleaseTest|x64
		{63A6BF5F-A201-4F33-A81F-6CE3448FE9AF}.ReleaseTest|x64.Build.0 = ReleaseTest|x64
		{63A6BF5F-A201-4F33-A81F-6CE3448FE9AF}.ReleaseTest|x86.ActiveCfg = ReleaseTest|x64
		{B5EEEA9A-BA1D-4DBE-AA87-7994A522F1CE}.Debug|x64.ActiveCfg = Debug|x64
		{B5EEEA9A-BA1D-4DBE-AA87-7994A522F1CE}.Debug|x86.ActiveCfg = Debug|Win32
		{B5EEEA9A-BA1D-4DBE-AA87-7994A522F1CE}.Debug|x86.Build.0 = Debug|Win32
		{B5EEEA9A-BA1D-4DBE-AA87-7994A522F1CE}.DebugTest|x64.ActiveCfg = Debug|x64
		{B5EEEA9A-BA1D-4DBE-AA87-7994A522F1CE}.DebugTest|x64.Build.0 = Debug|x64
		{B5EEEA9A-BA1D-4DBE-AA87-7994A522F1CE}.DebugTest|x86.ActiveCfg = Debug|Win32
		{B5EEEA9A-BA1D-4DBE-AA87-7994A522F1CE}.DebugTest|x86.Build.0 = Debug|Win32
		{B5EEEA9A-BA1D-4DBE-AA87-7994A522F1CE}.Release|x64.ActiveCfg = Release|x64
		{B5EEEA9A-BA1D-4DBE-AA87-7994A522F1CE}.Release|x86.ActiveCfg = Release|Win32
		{B5EEEA9A-BA1D-4DBE-AA87-7994A522F1CE}.Release|x86.Build.0 = Release|Win32
		{B5EEEA9A-BA1D-4DBE-AA87-7994A522F1CE}.ReleaseTest|x64.ActiveCfg = Release|x64
		{B5EEEA9A-BA1D-4DBE-AA87-7994A522F1CE}.ReleaseTest|x64.Build.0 = Release|x64
		{B5EEEA9A-BA1D-4DBE-AA87-7994A522F1CE}.ReleaseTest|x86.ActiveCfg = Release|Win32
		{B5EEEA9A-BA1D-4DBE-AA87-7994A522F1CE}.ReleaseTest|x86.Build.0 = Release|Win32
	EndGlobalSection
	GlobalSection(SolutionProperties) = preSolution
		HideSolutionNode = FALSE
	EndGlobalSection
	GlobalSection(ExtensibilityGlobals) = postSolution
		SolutionGuid = {7942375D-B2DC-4A6A-9D60-2364CDDC9A9B}
	EndGlobalSection
EndGlobal
