<?xml version="1.0" encoding="utf-8"?>
<Project ToolsVersion="4.0" xmlns="http://schemas.microsoft.com/developer/msbuild/2003">
  <ItemGroup>
    <None Include="packages.config" />
  </ItemGroup>
  <ItemGroup>
    <Filter Include="src">
      <UniqueIdentifier>{06b4a592-72f9-44cf-b2a5-6a4ffafd23db}</UniqueIdentifier>
    </Filter>
    <Filter Include="include">
      <UniqueIdentifier>{620e486c-8c36-47f2-9f48-b14bf8efee25}</UniqueIdentifier>
    </Filter>
  </ItemGroup>
</Project>