<?xml version="1.0" encoding="utf-8"?>
<Project ToolsVersion="4.0" xmlns="http://schemas.microsoft.com/developer/msbuild/2003">
  <ItemGroup>
    <ClCompile Include="src\dllmain.cpp">
      <Filter>src</Filter>
    </ClCompile>
    <ClCompile Include="src\GraphicsView.cpp">
      <Filter>src\Graphics</Filter>
    </ClCompile>
    <ClCompile Include="src\GraphicsScene.cpp">
      <Filter>src\Graphics</Filter>
    </ClCompile>
    <ClCompile Include="src\TreeWidget.cpp">
      <Filter>src\General</Filter>
    </ClCompile>
    <ClCompile Include="src\LineEdit.cpp">
      <Filter>src\General</Filter>
    </ClCompile>
    <ClCompile Include="src\TreeWidgetFilter.cpp">
      <Filter>src\General</Filter>
    </ClCompile>
    <ClCompile Include="src\GraphicsItem.cpp">
      <Filter>src\Graphics</Filter>
    </ClCompile>
    <ClCompile Include="src\GraphicsLayoutItem.cpp">
      <Filter>src\Graphics</Filter>
    </ClCompile>
    <ClCompile Include="src\GraphicsFactory.cpp">
      <Filter>src\Graphics</Filter>
    </ClCompile>
    <ClCompile Include="src\GraphicsPicker.cpp">
      <Filter>src\Graphics</Filter>
    </ClCompile>
    <ClCompile Include="src\IconManager.cpp">
      <Filter>src\General</Filter>
    </ClCompile>
    <ClCompile Include="src\Painter2DFactory.cpp">
      <Filter>src\General</Filter>
    </ClCompile>
    <ClCompile Include="src\OTQtConverter.cpp">
      <Filter>src\General</Filter>
    </ClCompile>
    <ClCompile Include="src\GraphicsItemDrag.cpp">
      <Filter>src\Graphics</Filter>
    </ClCompile>
    <ClCompile Include="src\GraphicsGroupItem.cpp">
      <Filter>src\Graphics</Filter>
    </ClCompile>
    <ClCompile Include="src\GraphicsStackItem.cpp">
      <Filter>src\Graphics</Filter>
    </ClCompile>
    <ClCompile Include="src\GraphicsRectangularItem.cpp">
      <Filter>src\Graphics</Filter>
    </ClCompile>
    <ClCompile Include="src\GraphicsEllipseItem.cpp">
      <Filter>src\Graphics</Filter>
    </ClCompile>
    <ClCompile Include="src\GraphicsTextItem.cpp">
      <Filter>src\Graphics</Filter>
    </ClCompile>
    <ClCompile Include="src\GraphicsImageItem.cpp">
      <Filter>src\Graphics</Filter>
    </ClCompile>
    <ClCompile Include="src\GraphicsLineItem.cpp">
      <Filter>src\Graphics</Filter>
    </ClCompile>
    <ClCompile Include="src\GraphicsConnectionItem.cpp">
      <Filter>src\Graphics</Filter>
    </ClCompile>
    <ClCompile Include="src\GraphicsGridLayoutItem.cpp">
      <Filter>src\Graphics</Filter>
    </ClCompile>
    <ClCompile Include="src\GraphicsLayoutItemWrapper.cpp">
      <Filter>src\Graphics</Filter>
    </ClCompile>
    <ClCompile Include="src\GraphicsBoxLayoutItem.cpp">
      <Filter>src\Graphics</Filter>
    </ClCompile>
    <ClCompile Include="src\GraphicsVBoxLayoutItem.cpp">
      <Filter>src\Graphics</Filter>
    </ClCompile>
    <ClCompile Include="src\GraphicsHBoxLayoutItem.cpp">
      <Filter>src\Graphics</Filter>
    </ClCompile>
    <ClCompile Include="src\TabWidget.cpp">
      <Filter>src\General</Filter>
    </ClCompile>
    <ClCompile Include="src\DockWatcherAction.cpp">
      <Filter>src\General</Filter>
    </ClCompile>
  </ItemGroup>
  <ItemGroup>
    <Filter Include="include">
      <UniqueIdentifier>{dc781e08-fab5-4632-abda-b91ae6477943}</UniqueIdentifier>
    </Filter>
    <Filter Include="src">
      <UniqueIdentifier>{3a2333c6-55c2-41ae-ae35-786e6bac71b8}</UniqueIdentifier>
    </Filter>
    <Filter Include="src\Graphics">
      <UniqueIdentifier>{0ee0f0b7-e569-4fb8-ad98-d93e25b93735}</UniqueIdentifier>
    </Filter>
    <Filter Include="include\Graphics">
      <UniqueIdentifier>{e0f72ae4-7d3f-401e-a945-e22cef86b61f}</UniqueIdentifier>
    </Filter>
    <Filter Include="include\General">
      <UniqueIdentifier>{f2ea0c71-2d10-4329-aca9-9d9bf05b441e}</UniqueIdentifier>
    </Filter>
    <Filter Include="src\General">
      <UniqueIdentifier>{a4fb4c3c-12e7-4533-8201-e6fcd5789c20}</UniqueIdentifier>
    </Filter>
  </ItemGroup>
  <ItemGroup>
    <ClInclude Include="include\OTWidgets\TreeWidget.h">
      <Filter>include\General</Filter>
    </ClInclude>
    <ClInclude Include="include\OTWidgets\LineEdit.h">
      <Filter>include\General</Filter>
    </ClInclude>
    <ClInclude Include="include\OTWidgets\QWidgetInterface.h">
      <Filter>include\General</Filter>
    </ClInclude>
    <ClInclude Include="include\OTWidgets\OTWidgetsAPIExport.h">
      <Filter>include\General</Filter>
    </ClInclude>
    <ClInclude Include="include\OTWidgets\WidgetTypes.h">
      <Filter>include\General</Filter>
    </ClInclude>
    <ClInclude Include="include\OTWidgets\GraphicsLayoutItem.h">
      <Filter>include\Graphics</Filter>
    </ClInclude>
    <ClInclude Include="include\OTWidgets\GraphicsFactory.h">
      <Filter>include\Graphics</Filter>
    </ClInclude>
    <ClInclude Include="include\OTWidgets\IconManager.h">
      <Filter>include\General</Filter>
    </ClInclude>
    <ClInclude Include="include\OTWidgets\Painter2DFactory.h">
      <Filter>include\General</Filter>
    </ClInclude>
    <ClInclude Include="include\OTWidgets\OTQtConverter.h">
      <Filter>include\General</Filter>
    </ClInclude>
    <ClInclude Include="include\OTWidgets\GraphicsGroupItem.h">
      <Filter>include\Graphics</Filter>
    </ClInclude>
    <ClInclude Include="include\OTWidgets\GraphicsStackItem.h">
      <Filter>include\Graphics</Filter>
    </ClInclude>
    <ClInclude Include="include\OTWidgets\GraphicsRectangularItem.h">
      <Filter>include\Graphics</Filter>
    </ClInclude>
    <ClInclude Include="include\OTWidgets\GraphicsEllipseItem.h">
      <Filter>include\Graphics</Filter>
    </ClInclude>
    <ClInclude Include="include\OTWidgets\GraphicsTextItem.h">
      <Filter>include\Graphics</Filter>
    </ClInclude>
    <ClInclude Include="include\OTWidgets\GraphicsImageItem.h">
      <Filter>include\Graphics</Filter>
    </ClInclude>
    <ClInclude Include="include\OTWidgets\GraphicsLineItem.h">
      <Filter>include\Graphics</Filter>
    </ClInclude>
    <ClInclude Include="include\OTWidgets\GraphicsConnectionItem.h">
      <Filter>include\Graphics</Filter>
    </ClInclude>
    <ClInclude Include="include\OTWidgets\GraphicsItem.h">
      <Filter>include\Graphics</Filter>
    </ClInclude>
    <ClInclude Include="include\OTWidgets\GraphicsLayoutItemWrapper.h">
      <Filter>include\Graphics</Filter>
    </ClInclude>
    <ClInclude Include="include\OTWidgets\GraphicsBoxLayoutItem.h">
      <Filter>include\Graphics</Filter>
    </ClInclude>
    <ClInclude Include="include\OTWidgets\GraphicsVBoxLayoutItem.h">
      <Filter>include\Graphics</Filter>
    </ClInclude>
    <ClInclude Include="include\OTWidgets\GraphicsHBoxLayoutItem.h">
      <Filter>include\Graphics</Filter>
    </ClInclude>
    <ClInclude Include="include\OTWidgets\GraphicsGridLayoutItem.h">
      <Filter>include\Graphics</Filter>
    </ClInclude>
  </ItemGroup>
  <ItemGroup>
    <QtMoc Include="include\OTWidgets\GraphicsScene.h">
      <Filter>include\Graphics</Filter>
    </QtMoc>
    <QtMoc Include="include\OTWidgets\GraphicsView.h">
      <Filter>include\Graphics</Filter>
    </QtMoc>
    <QtMoc Include="include\OTWidgets\TreeWidgetFilter.h">
      <Filter>include\General</Filter>
    </QtMoc>
    <QtMoc Include="include\OTWidgets\GraphicsPicker.h">
      <Filter>include\Graphics</Filter>
    </QtMoc>
    <QtMoc Include="include\OTWidgets\GraphicsItemDrag.h">
      <Filter>include\Graphics</Filter>
    </QtMoc>
    <QtMoc Include="include\OTWidgets\TabWidget.h">
      <Filter>include\General</Filter>
    </QtMoc>
    <QtMoc Include="include\OTWidgets\DockWatcherAction.h">
      <Filter>include\General</Filter>
    </QtMoc>
  </ItemGroup>
</Project>