<?xml version="1.0" encoding="utf-8"?>
<Project ToolsVersion="4.0" xmlns="http://schemas.microsoft.com/developer/msbuild/2003">
  <ItemGroup>
    <ClCompile Include="src\dllmain.cpp">
      <Filter>src</Filter>
    </ClCompile>
    <ClCompile Include="src\GraphicsView.cpp">
      <Filter>src\Graphics</Filter>
    </ClCompile>
    <ClCompile Include="src\GraphicsScene.cpp">
      <Filter>src\Graphics</Filter>
    </ClCompile>
    <ClCompile Include="src\GraphicsItem.cpp">
      <Filter>src\Graphics</Filter>
    </ClCompile>
    <ClCompile Include="src\GraphicsLayoutItem.cpp">
      <Filter>src\Graphics</Filter>
    </ClCompile>
    <ClCompile Include="src\GraphicsItemFactory.cpp">
      <Filter>src\Graphics</Filter>
    </ClCompile>
    <ClCompile Include="src\GraphicsPicker.cpp">
      <Filter>src\Graphics</Filter>
    </ClCompile>
    <ClCompile Include="src\IconManager.cpp">
      <Filter>src\General</Filter>
    </ClCompile>
    <ClCompile Include="src\QtFactory.cpp">
      <Filter>src\General</Filter>
    </ClCompile>
    <ClCompile Include="src\GraphicsGroupItem.cpp">
      <Filter>src\Graphics</Filter>
    </ClCompile>
    <ClCompile Include="src\GraphicsStackItem.cpp">
      <Filter>src\Graphics</Filter>
    </ClCompile>
    <ClCompile Include="src\GraphicsRectangularItem.cpp">
      <Filter>src\Graphics</Filter>
    </ClCompile>
    <ClCompile Include="src\GraphicsEllipseItem.cpp">
      <Filter>src\Graphics</Filter>
    </ClCompile>
    <ClCompile Include="src\GraphicsTextItem.cpp">
      <Filter>src\Graphics</Filter>
    </ClCompile>
    <ClCompile Include="src\GraphicsGridLayoutItem.cpp">
      <Filter>src\Graphics</Filter>
    </ClCompile>
    <ClCompile Include="src\GraphicsLayoutItemWrapper.cpp">
      <Filter>src\Graphics</Filter>
    </ClCompile>
    <ClCompile Include="src\GraphicsBoxLayoutItem.cpp">
      <Filter>src\Graphics</Filter>
    </ClCompile>
    <ClCompile Include="src\GraphicsVBoxLayoutItem.cpp">
      <Filter>src\Graphics</Filter>
    </ClCompile>
    <ClCompile Include="src\GraphicsHBoxLayoutItem.cpp">
      <Filter>src\Graphics</Filter>
    </ClCompile>
    <ClCompile Include="src\GraphicsPixmapItem.cpp">
      <Filter>src\Graphics</Filter>
    </ClCompile>
    <ClCompile Include="src\CustomGraphicsItem.cpp">
      <Filter>src\Graphics</Filter>
    </ClCompile>
    <ClCompile Include="src\GraphicsConnectionItem.cpp">
      <Filter>src\Graphics</Filter>
    </ClCompile>
    <ClCompile Include="src\GraphicsTriangleItem.cpp">
      <Filter>src\Graphics</Filter>
    </ClCompile>
    <ClCompile Include="src\GraphicsLineItem.cpp">
      <Filter>src\Graphics</Filter>
    </ClCompile>
    <ClCompile Include="src\GraphicsConnectionPreviewItem.cpp">
      <Filter>src\Graphics</Filter>
    </ClCompile>
    <ClCompile Include="src\ToolTipHandler.cpp">
      <Filter>src\General</Filter>
    </ClCompile>
    <ClCompile Include="src\QWidgetInterface.cpp">
      <Filter>src\General</Filter>
    </ClCompile>
    <ClCompile Include="src\EventNotifier.cpp">
      <Filter>src\General</Filter>
    </ClCompile>
    <ClCompile Include="src\PropertyGrid.cpp">
      <Filter>src\Properties</Filter>
    </ClCompile>
    <ClCompile Include="src\PropertyGridGroup.cpp">
      <Filter>src\Properties</Filter>
    </ClCompile>
    <ClCompile Include="src\PropertyGridItem.cpp">
      <Filter>src\Properties</Filter>
    </ClCompile>
    <ClCompile Include="src\PropertyDialog.cpp">
      <Filter>src\Properties</Filter>
    </ClCompile>
    <ClCompile Include="src\OnePropertyDialog.cpp">
      <Filter>src\Properties</Filter>
    </ClCompile>
    <ClCompile Include="src\PropertyInputInt.cpp">
      <Filter>src\Properties</Filter>
    </ClCompile>
    <ClCompile Include="src\PropertyInput.cpp">
      <Filter>src\Properties</Filter>
    </ClCompile>
    <ClCompile Include="src\PropertyInputFactory.cpp">
      <Filter>src\Properties</Filter>
    </ClCompile>
    <ClCompile Include="src\PropertyInputBool.cpp">
      <Filter>src\Properties</Filter>
    </ClCompile>
    <ClCompile Include="src\PropertyInputColor.cpp">
      <Filter>src\Properties</Filter>
    </ClCompile>
    <ClCompile Include="src\PropertyInputString.cpp">
      <Filter>src\Properties</Filter>
    </ClCompile>
    <ClCompile Include="src\PropertyInputStringList.cpp">
      <Filter>src\Properties</Filter>
    </ClCompile>
    <ClCompile Include="src\PropertyInputDirectory.cpp">
      <Filter>src\Properties</Filter>
    </ClCompile>
    <ClCompile Include="src\PropertyInputFilePath.cpp">
      <Filter>src\Properties</Filter>
    </ClCompile>
    <ClCompile Include="src\PropertyInputDouble.cpp">
      <Filter>src\Properties</Filter>
    </ClCompile>
    <ClCompile Include="src\Dialog.cpp">
      <Filter>src\Dialogs</Filter>
    </ClCompile>
    <ClCompile Include="src\MessageDialog.cpp">
      <Filter>src\Dialogs</Filter>
    </ClCompile>
    <ClCompile Include="src\GraphicsHighlightItem.cpp">
      <Filter>src\Graphics</Filter>
    </ClCompile>
    <ClCompile Include="src\GraphicsItemPreview.cpp">
      <Filter>src\Graphics</Filter>
    </ClCompile>
    <ClCompile Include="src\GraphicsItemPreviewDrag.cpp">
      <Filter>src\Graphics</Filter>
    </ClCompile>
    <ClCompile Include="src\WidgetViewManager.cpp">
      <Filter>src\WidgetView</Filter>
    </ClCompile>
    <ClCompile Include="src\WidgetViewFactory.cpp">
      <Filter>src\WidgetView</Filter>
    </ClCompile>
    <ClCompile Include="src\WidgetView.cpp">
      <Filter>src\WidgetView</Filter>
    </ClCompile>
    <ClCompile Include="src\PlainTextEditView.cpp">
      <Filter>src\WidgetView</Filter>
    </ClCompile>
    <ClCompile Include="src\GraphicsPickerView.cpp">
      <Filter>src\WidgetView</Filter>
    </ClCompile>
    <ClCompile Include="src\GraphicsViewView.cpp">
      <Filter>src\WidgetView</Filter>
    </ClCompile>
    <ClCompile Include="src\BasicWidgetView.cpp">
      <Filter>src\WidgetView</Filter>
    </ClCompile>
    <ClCompile Include="src\TextEditorView.cpp">
      <Filter>src\WidgetView</Filter>
    </ClCompile>
    <ClCompile Include="src\ColorStyleValue.cpp">
      <Filter>src\General</Filter>
    </ClCompile>
    <ClCompile Include="src\ColorStyle.cpp">
      <Filter>src\General</Filter>
    </ClCompile>
    <ClCompile Include="src\GlobalColorStyle.cpp">
      <Filter>src\General</Filter>
    </ClCompile>
    <ClCompile Include="src\PropertyInputPainter2D.cpp">
      <Filter>src\Properties</Filter>
    </ClCompile>
    <ClCompile Include="src\CheckBox.cpp">
      <Filter>src\Widgets</Filter>
    </ClCompile>
    <ClCompile Include="src\ColorPickButton.cpp">
      <Filter>src\Widgets</Filter>
    </ClCompile>
    <ClCompile Include="src\ColorPreviewBox.cpp">
      <Filter>src\Widgets</Filter>
    </ClCompile>
    <ClCompile Include="src\ComboButton.cpp">
      <Filter>src\Widgets</Filter>
    </ClCompile>
    <ClCompile Include="src\DockWatcherAction.cpp">
      <Filter>src\Widgets</Filter>
    </ClCompile>
    <ClCompile Include="src\DoubleSpinBox.cpp">
      <Filter>src\Widgets</Filter>
    </ClCompile>
    <ClCompile Include="src\LineEdit.cpp">
      <Filter>src\Widgets</Filter>
    </ClCompile>
    <ClCompile Include="src\PlainTextEdit.cpp">
      <Filter>src\Widgets</Filter>
    </ClCompile>
    <ClCompile Include="src\PushButton.cpp">
      <Filter>src\Widgets</Filter>
    </ClCompile>
    <ClCompile Include="src\SpinBox.cpp">
      <Filter>src\Widgets</Filter>
    </ClCompile>
    <ClCompile Include="src\TabWidget.cpp">
      <Filter>src\Widgets</Filter>
    </ClCompile>
    <ClCompile Include="src\TreeWidget.cpp">
      <Filter>src\Widgets</Filter>
    </ClCompile>
    <ClCompile Include="src\TreeWidgetFilter.cpp">
      <Filter>src\Widgets</Filter>
    </ClCompile>
    <ClCompile Include="src\Painter2DEditButton.cpp">
      <Filter>src\Widgets</Filter>
    </ClCompile>
    <ClCompile Include="src\ComboBox.cpp">
      <Filter>src\Widgets</Filter>
    </ClCompile>
    <ClCompile Include="src\Painter2DEditDialog.cpp">
      <Filter>src\Dialogs</Filter>
    </ClCompile>
    <ClCompile Include="src\Painter2DPreview.cpp">
      <Filter>src\Widgets</Filter>
    </ClCompile>
    <ClCompile Include="src\PropertyGridItemDelegate.cpp">
      <Filter>src\Properties</Filter>
    </ClCompile>
    <ClCompile Include="src\PropertyGridView.cpp">
      <Filter>src\WidgetView</Filter>
    </ClCompile>
    <ClCompile Include="src\Label.cpp">
      <Filter>src\Widgets</Filter>
    </ClCompile>
    <ClCompile Include="src\TextEditor.cpp">
      <Filter>src\Widgets</Filter>
    </ClCompile>
    <ClCompile Include="src\TextEditorSearchPopup.cpp">
      <Filter>src\Widgets</Filter>
    </ClCompile>
    <ClCompile Include="src\Splitter.cpp">
      <Filter>src\Widgets</Filter>
    </ClCompile>
    <ClCompile Include="src\ImagePreview.cpp">
      <Filter>src\Widgets</Filter>
    </ClCompile>
    <ClCompile Include="src\GraphicsPolygonItem.cpp">
      <Filter>src\Graphics</Filter>
    </ClCompile>
    <ClCompile Include="src\GraphicsShapeItem.cpp">
      <Filter>src\Graphics</Filter>
    </ClCompile>
  </ItemGroup>
  <ItemGroup>
    <Filter Include="include">
      <UniqueIdentifier>{dc781e08-fab5-4632-abda-b91ae6477943}</UniqueIdentifier>
    </Filter>
    <Filter Include="src">
      <UniqueIdentifier>{3a2333c6-55c2-41ae-ae35-786e6bac71b8}</UniqueIdentifier>
    </Filter>
    <Filter Include="src\Graphics">
      <UniqueIdentifier>{0ee0f0b7-e569-4fb8-ad98-d93e25b93735}</UniqueIdentifier>
    </Filter>
    <Filter Include="include\Graphics">
      <UniqueIdentifier>{e0f72ae4-7d3f-401e-a945-e22cef86b61f}</UniqueIdentifier>
    </Filter>
    <Filter Include="include\General">
      <UniqueIdentifier>{f2ea0c71-2d10-4329-aca9-9d9bf05b441e}</UniqueIdentifier>
    </Filter>
    <Filter Include="src\General">
      <UniqueIdentifier>{a4fb4c3c-12e7-4533-8201-e6fcd5789c20}</UniqueIdentifier>
    </Filter>
    <Filter Include="include\Properties">
      <UniqueIdentifier>{2fe5312b-1583-42eb-b29a-2ced76229950}</UniqueIdentifier>
    </Filter>
    <Filter Include="src\Properties">
      <UniqueIdentifier>{2f24509f-ba9f-4e5f-9b4e-d42b24aad0f6}</UniqueIdentifier>
    </Filter>
    <Filter Include="include\Dialogs">
      <UniqueIdentifier>{8200fa46-282a-459f-b528-b72191483a65}</UniqueIdentifier>
    </Filter>
    <Filter Include="src\Dialogs">
      <UniqueIdentifier>{4b680142-85e1-482d-92b4-00e0ef2aa38c}</UniqueIdentifier>
    </Filter>
    <Filter Include="include\WidgetView">
      <UniqueIdentifier>{7f64c36f-d652-4cba-8952-4e92a4302523}</UniqueIdentifier>
    </Filter>
    <Filter Include="src\WidgetView">
      <UniqueIdentifier>{9f39fce1-e5be-45f5-8f19-858de2c4887c}</UniqueIdentifier>
    </Filter>
    <Filter Include="include\Widgets">
      <UniqueIdentifier>{ceb2ed0a-4502-460c-a0a1-f9d81f9c0925}</UniqueIdentifier>
    </Filter>
    <Filter Include="src\Widgets">
      <UniqueIdentifier>{ac4730ce-4c49-4235-b8ad-8a0bf52928e7}</UniqueIdentifier>
    </Filter>
  </ItemGroup>
  <ItemGroup>
    <ClInclude Include="include\OTWidgets\QWidgetInterface.h">
      <Filter>include\General</Filter>
    </ClInclude>
    <ClInclude Include="include\OTWidgets\OTWidgetsAPIExport.h">
      <Filter>include\General</Filter>
    </ClInclude>
    <ClInclude Include="include\OTWidgets\WidgetTypes.h">
      <Filter>include\General</Filter>
    </ClInclude>
    <ClInclude Include="include\OTWidgets\GraphicsLayoutItem.h">
      <Filter>include\Graphics</Filter>
    </ClInclude>
    <ClInclude Include="include\OTWidgets\GraphicsItemFactory.h">
      <Filter>include\Graphics</Filter>
    </ClInclude>
    <ClInclude Include="include\OTWidgets\IconManager.h">
      <Filter>include\General</Filter>
    </ClInclude>
    <ClInclude Include="include\OTWidgets\QtFactory.h">
      <Filter>include\General</Filter>
    </ClInclude>
    <ClInclude Include="include\OTWidgets\GraphicsGroupItem.h">
      <Filter>include\Graphics</Filter>
    </ClInclude>
    <ClInclude Include="include\OTWidgets\GraphicsStackItem.h">
      <Filter>include\Graphics</Filter>
    </ClInclude>
    <ClInclude Include="include\OTWidgets\GraphicsRectangularItem.h">
      <Filter>include\Graphics</Filter>
    </ClInclude>
    <ClInclude Include="include\OTWidgets\GraphicsEllipseItem.h">
      <Filter>include\Graphics</Filter>
    </ClInclude>
    <ClInclude Include="include\OTWidgets\GraphicsTextItem.h">
      <Filter>include\Graphics</Filter>
    </ClInclude>
    <ClInclude Include="include\OTWidgets\GraphicsItem.h">
      <Filter>include\Graphics</Filter>
    </ClInclude>
    <ClInclude Include="include\OTWidgets\GraphicsLayoutItemWrapper.h">
      <Filter>include\Graphics</Filter>
    </ClInclude>
    <ClInclude Include="include\OTWidgets\GraphicsBoxLayoutItem.h">
      <Filter>include\Graphics</Filter>
    </ClInclude>
    <ClInclude Include="include\OTWidgets\GraphicsVBoxLayoutItem.h">
      <Filter>include\Graphics</Filter>
    </ClInclude>
    <ClInclude Include="include\OTWidgets\GraphicsHBoxLayoutItem.h">
      <Filter>include\Graphics</Filter>
    </ClInclude>
    <ClInclude Include="include\OTWidgets\GraphicsGridLayoutItem.h">
      <Filter>include\Graphics</Filter>
    </ClInclude>
    <ClInclude Include="include\OTWidgets\GraphicsPixmapItem.h">
      <Filter>include\Graphics</Filter>
    </ClInclude>
    <ClInclude Include="include\OTWidgets\CustomGraphicsItem.h">
      <Filter>include\Graphics</Filter>
    </ClInclude>
    <ClInclude Include="include\OTWidgets\GraphicsConnectionItem.h">
      <Filter>include\Graphics</Filter>
    </ClInclude>
    <ClInclude Include="include\OTWidgets\GraphicsTriangleItem.h">
      <Filter>include\Graphics</Filter>
    </ClInclude>
    <ClInclude Include="include\OTWidgets\GraphicsLineItem.h">
      <Filter>include\Graphics</Filter>
    </ClInclude>
    <ClInclude Include="include\OTWidgets\GraphicsConnectionPreviewItem.h">
      <Filter>include\Graphics</Filter>
    </ClInclude>
    <ClInclude Include="include\OTWidgets\OnePropertyDialog.h">
      <Filter>include\Properties</Filter>
    </ClInclude>
    <ClInclude Include="include\OTWidgets\PropertyInputFactory.h">
      <Filter>include\Properties</Filter>
    </ClInclude>
    <ClInclude Include="include\OTWidgets\PropertyInputBool.h">
      <Filter>include\Properties</Filter>
    </ClInclude>
    <ClInclude Include="include\OTWidgets\PropertyInputStringList.h">
      <Filter>include\Properties</Filter>
    </ClInclude>
    <ClInclude Include="include\OTWidgets\PropertyInputColor.h">
      <Filter>include\Properties</Filter>
    </ClInclude>
    <ClInclude Include="include\OTWidgets\MessageDialog.h">
      <Filter>include\Dialogs</Filter>
    </ClInclude>
    <ClInclude Include="include\OTWidgets\GraphicsHighlightItem.h">
      <Filter>include\Graphics</Filter>
    </ClInclude>
    <ClInclude Include="include\OTWidgets\GraphicsItemPreview.h">
      <Filter>include\Graphics</Filter>
    </ClInclude>
    <ClInclude Include="include\OTWidgets\WidgetViewRegistrar.h">
      <Filter>include\WidgetView</Filter>
    </ClInclude>
    <ClInclude Include="include\OTWidgets\WidgetViewRegistrar.hpp">
      <Filter>include\WidgetView</Filter>
    </ClInclude>
    <ClInclude Include="include\OTWidgets\WidgetViewFactory.h">
      <Filter>include\WidgetView</Filter>
    </ClInclude>
    <ClInclude Include="include\OTWidgets\PlainTextEditView.h">
      <Filter>include\WidgetView</Filter>
    </ClInclude>
    <ClInclude Include="include\OTWidgets\GraphicsPickerView.h">
      <Filter>include\WidgetView</Filter>
    </ClInclude>
    <ClInclude Include="include\OTWidgets\GraphicsViewView.h">
      <Filter>include\WidgetView</Filter>
    </ClInclude>
    <ClInclude Include="include\OTWidgets\BasicWidgetView.h">
      <Filter>include\WidgetView</Filter>
    </ClInclude>
    <ClInclude Include="include\OTWidgets\TextEditorView.h">
      <Filter>include\WidgetView</Filter>
    </ClInclude>
    <ClInclude Include="include\OTWidgets\ColorStyleValue.h">
      <Filter>include\General</Filter>
    </ClInclude>
    <ClInclude Include="include\OTWidgets\ColorStyle.h">
      <Filter>include\General</Filter>
    </ClInclude>
    <ClInclude Include="include\OTWidgets\ColorStyleTypes.h">
      <Filter>include\General</Filter>
    </ClInclude>
    <ClInclude Include="include\OTWidgets\CheckBox.h">
      <Filter>include\Widgets</Filter>
    </ClInclude>
    <ClInclude Include="include\OTWidgets\ColorPreviewBox.h">
      <Filter>include\Widgets</Filter>
    </ClInclude>
    <ClInclude Include="include\OTWidgets\DoubleSpinBox.h">
      <Filter>include\Widgets</Filter>
    </ClInclude>
    <ClInclude Include="include\OTWidgets\SpinBox.h">
      <Filter>include\Widgets</Filter>
    </ClInclude>
    <ClInclude Include="include\OTWidgets\PropertyInputPainter2D.h">
      <Filter>include\Properties</Filter>
    </ClInclude>
    <ClInclude Include="include\OTWidgets\ComboBox.h">
      <Filter>include\Widgets</Filter>
    </ClInclude>
    <ClInclude Include="include\OTWidgets\PropertyGridItemDelegate.h">
      <Filter>include\Properties</Filter>
    </ClInclude>
    <ClInclude Include="include\OTWidgets\PropertyGridView.h">
      <Filter>include\WidgetView</Filter>
    </ClInclude>
    <ClInclude Include="include\OTWidgets\PropertyInputFactoryRegistrar.h">
      <Filter>include\Properties</Filter>
    </ClInclude>
    <ClInclude Include="include\OTWidgets\PropertyInputFactoryRegistrar.hpp">
      <Filter>include\Properties</Filter>
    </ClInclude>
    <ClInclude Include="include\OTWidgets\WidgetProperties.h">
      <Filter>include\General</Filter>
    </ClInclude>
    <ClInclude Include="include\OTWidgets\WidgetView.h">
      <Filter>include\WidgetView</Filter>
    </ClInclude>
    <ClInclude Include="include\OTWidgets\GraphicsPolygonItem.h">
      <Filter>include\Graphics</Filter>
    </ClInclude>
    <ClInclude Include="include\OTWidgets\GraphicsShapeItem.h">
      <Filter>include\Graphics</Filter>
    </ClInclude>
  </ItemGroup>
  <ItemGroup>
    <QtMoc Include="include\OTWidgets\GraphicsScene.h">
      <Filter>include\Graphics</Filter>
    </QtMoc>
    <QtMoc Include="include\OTWidgets\GraphicsView.h">
      <Filter>include\Graphics</Filter>
    </QtMoc>
    <QtMoc Include="include\OTWidgets\GraphicsPicker.h">
      <Filter>include\Graphics</Filter>
    </QtMoc>
    <QtMoc Include="include\OTWidgets\ToolTipHandler.h">
      <Filter>include\General</Filter>
    </QtMoc>
    <QtMoc Include="include\OTWidgets\EventNotifier.h">
      <Filter>include\General</Filter>
    </QtMoc>
    <QtMoc Include="include\OTWidgets\PropertyGrid.h">
      <Filter>include\Properties</Filter>
    </QtMoc>
    <QtMoc Include="include\OTWidgets\PropertyDialog.h">
      <Filter>include\Properties</Filter>
    </QtMoc>
    <QtMoc Include="include\OTWidgets\PropertyInput.h">
      <Filter>include\Properties</Filter>
    </QtMoc>
    <QtMoc Include="include\OTWidgets\PropertyInputInt.h">
      <Filter>include\Properties</Filter>
    </QtMoc>
    <QtMoc Include="include\OTWidgets\PropertyInputDouble.h">
      <Filter>include\Properties</Filter>
    </QtMoc>
    <QtMoc Include="include\OTWidgets\PropertyInputString.h">
      <Filter>include\Properties</Filter>
    </QtMoc>
    <QtMoc Include="include\OTWidgets\PropertyInputFilePath.h">
      <Filter>include\Properties</Filter>
    </QtMoc>
    <QtMoc Include="include\OTWidgets\PropertyInputDirectory.h">
      <Filter>include\Properties</Filter>
    </QtMoc>
    <QtMoc Include="include\OTWidgets\GraphicsItemPreviewDrag.h">
      <Filter>include\Graphics</Filter>
    </QtMoc>
    <QtMoc Include="include\OTWidgets\PlainTextEdit.h">
      <Filter>include\General</Filter>
    </QtMoc>
    <QtMoc Include="include\OTWidgets\GlobalColorStyle.h">
      <Filter>include\General</Filter>
    </QtMoc>
    <QtMoc Include="include\OTWidgets\ColorPickButton.h">
      <Filter>include\Widgets</Filter>
    </QtMoc>
    <QtMoc Include="include\OTWidgets\ComboButton.h">
      <Filter>include\Widgets</Filter>
    </QtMoc>
    <QtMoc Include="include\OTWidgets\DockWatcherAction.h">
      <Filter>include\Widgets</Filter>
    </QtMoc>
    <QtMoc Include="include\OTWidgets\TabWidget.h">
      <Filter>include\Widgets</Filter>
    </QtMoc>
    <QtMoc Include="include\OTWidgets\TextEditor.h">
      <Filter>include\Widgets</Filter>
    </QtMoc>
    <QtMoc Include="include\OTWidgets\TreeWidgetFilter.h">
      <Filter>include\Widgets</Filter>
    </QtMoc>
    <QtMoc Include="include\OTWidgets\Painter2DEditButton.h">
      <Filter>include\Widgets</Filter>
    </QtMoc>
    <QtMoc Include="include\OTWidgets\Painter2DEditDialog.h">
      <Filter>include\Dialogs</Filter>
    </QtMoc>
    <QtMoc Include="include\OTWidgets\Dialog.h">
      <Filter>include\Dialogs</Filter>
    </QtMoc>
    <QtMoc Include="include\OTWidgets\Painter2DPreview.h">
      <Filter>include\Widgets</Filter>
    </QtMoc>
    <QtMoc Include="include\OTWidgets\PropertyGridGroup.h">
      <Filter>include\Properties</Filter>
    </QtMoc>
    <QtMoc Include="include\OTWidgets\PropertyGridItem.h">
      <Filter>include\Properties</Filter>
    </QtMoc>
    <QtMoc Include="include\OTWidgets\Label.h">
      <Filter>include\Widgets</Filter>
    </QtMoc>
    <QtMoc Include="include\OTWidgets\TextEditorSearchPopup.h">
      <Filter>include\Widgets</Filter>
    </QtMoc>
    <QtMoc Include="include\OTWidgets\Splitter.h">
      <Filter>include\Widgets</Filter>
    </QtMoc>
    <QtMoc Include="include\OTWidgets\TreeWidget.h">
      <Filter>include\Widgets</Filter>
    </QtMoc>
    <QtMoc Include="include\OTWidgets\PushButton.h">
      <Filter>include\Widgets</Filter>
    </QtMoc>
    <QtMoc Include="include\OTWidgets\LineEdit.h">
      <Filter>include\Widgets</Filter>
    </QtMoc>
    <QtMoc Include="include\OTWidgets\ImagePreview.h">
      <Filter>include\Widgets</Filter>
    </QtMoc>
    <QtMoc Include="include\OTWidgets\WidgetViewManager.h">
      <Filter>include\WidgetView</Filter>
    </QtMoc>
  </ItemGroup>
</Project>