<?xml version="1.0" encoding="utf-8"?>
<Project ToolsVersion="4.0" xmlns="http://schemas.microsoft.com/developer/msbuild/2003">
  <ItemGroup>
    <Filter Include="Source Files">
      <UniqueIdentifier>{4FC737F1-C7A5-4376-A066-2A32D752A2FF}</UniqueIdentifier>
      <Extensions>cpp;c;cc;cxx;def;odl;idl;hpj;bat;asm;asmx</Extensions>
    </Filter>
    <Filter Include="Resource Files">
      <UniqueIdentifier>{67DA6AB6-F800-4c08-8B7A-83BB121AAD01}</UniqueIdentifier>
      <Extensions>rc;ico;cur;bmp;dlg;rc2;rct;bin;rgs;gif;jpg;jpeg;jpe;resx;tiff;tif;png;wav;mfcribbon-ms</Extensions>
    </Filter>
    <Filter Include="Form Files">
      <UniqueIdentifier>{99349809-55BA-4b9d-BF79-8FDBB0286EB3}</UniqueIdentifier>
      <Extensions>ui</Extensions>
    </Filter>
    <Filter Include="Resource Files">
      <UniqueIdentifier>{D9D6E242-F8AF-46E4-B9FD-80ECBC20BA3E}</UniqueIdentifier>
      <Extensions>qrc;*</Extensions>
      <ParseFiles>false</ParseFiles>
    </Filter>
    <Filter Include="Source Files\Components">
      <UniqueIdentifier>{7fabad94-f6ff-43d9-a1d5-5bcc04e1742b}</UniqueIdentifier>
    </Filter>
    <Filter Include="Third Party files">
      <UniqueIdentifier>{461d365b-33aa-4b14-8471-f732cca75cb4}</UniqueIdentifier>
    </Filter>
    <Filter Include="Header Files">
      <UniqueIdentifier>{93995380-89BD-4b04-88EB-625FBE52EBFB}</UniqueIdentifier>
      <Extensions>h;hh;hpp;hxx;hm;inl;inc;xsd</Extensions>
    </Filter>
    <Filter Include="Header Files\Components">
      <UniqueIdentifier>{0ac18b09-ef1d-4460-b910-0824408fcd5d}</UniqueIdentifier>
    </Filter>
    <Filter Include="Header Files\WidgetView">
      <UniqueIdentifier>{afa15437-274f-4c00-8540-08f4aa3adc51}</UniqueIdentifier>
    </Filter>
    <Filter Include="Source Files\WidgetView">
      <UniqueIdentifier>{2794138f-29af-48a1-b8f7-9f6c997b2921}</UniqueIdentifier>
    </Filter>
    <Filter Include="Header Files\CustomWidgets">
      <UniqueIdentifier>{43562513-ec1f-4c42-b7da-a0b294b91791}</UniqueIdentifier>
    </Filter>
    <Filter Include="Source Files\CustomWidgets">
      <UniqueIdentifier>{9e6a87d1-0d17-4a75-8d8f-d825e9c8fe35}</UniqueIdentifier>
    </Filter>
  </ItemGroup>
  <ItemGroup>
    <ClCompile Include="src\ViewerComponent.cpp">
      <Filter>Source Files\Components</Filter>
    </ClCompile>
    <ClCompile Include="src\debugNotifier.cpp">
      <Filter>Source Files</Filter>
    </ClCompile>
    <ClCompile Include="src\UserManagement.cpp">
      <Filter>Source Files</Filter>
    </ClCompile>
    <ClCompile Include="src\ProjectManagement.cpp">
      <Filter>Source Files</Filter>
    </ClCompile>
    <ClCompile Include="src\welcomeScreen.cpp">
      <Filter>Source Files\CustomWidgets</Filter>
    </ClCompile>
    <ClCompile Include="src\ExternalServicesComponent.cpp">
      <Filter>Source Files\Components</Filter>
    </ClCompile>
    <ClCompile Include="src\WebsocketClient.cpp">
      <Filter>Source Files\Components</Filter>
    </ClCompile>
    <ClCompile Include="src\ControlsManager.cpp">
      <Filter>Source Files</Filter>
    </ClCompile>
    <ClCompile Include="src\ToolBar.cpp">
      <Filter>Source Files</Filter>
    </ClCompile>
    <ClCompile Include="src\AppBase.cpp">
      <Filter>Source Files</Filter>
    </ClCompile>
    <ClCompile Include="src\ShortcutManager.cpp">
      <Filter>Source Files</Filter>
    </ClCompile>
    <ClCompile Include="src\UserSettings.cpp">
      <Filter>Source Files</Filter>
    </ClCompile>
    <ClCompile Include="src\ContextMenuManager.cpp">
      <Filter>Source Files</Filter>
    </ClCompile>
    <ClCompile Include="src\ManageGroups.cpp">
      <Filter>Source Files</Filter>
    </ClCompile>
    <ClCompile Include="src\ManageAccess.cpp">
      <Filter>Source Files</Filter>
    </ClCompile>
    <ClCompile Include="src\UiPluginComponent.cpp">
      <Filter>Source Files\Components</Filter>
    </ClCompile>
    <ClCompile Include="src\UiPluginManager.cpp">
      <Filter>Source Files</Filter>
    </ClCompile>
    <ClCompile Include="src\ManageOwner.cpp">
      <Filter>Source Files</Filter>
    </ClCompile>
    <ClCompile Include="src\main.cpp">
      <Filter>Source Files</Filter>
    </ClCompile>
    <ClCompile Include="$(BASE64_ROOT)\base64.c">
      <Filter>Source Files</Filter>
    </ClCompile>
    <ClCompile Include="src\DevLogger.cpp">
      <Filter>Source Files</Filter>
    </ClCompile>
    <ClCompile Include="src\FileHandler.cpp">
      <Filter>Source Files</Filter>
    </ClCompile>
    <ClCompile Include="src\SelectEntitiesDialog.cpp">
      <Filter>Source Files\CustomWidgets</Filter>
    </ClCompile>
    <ClCompile Include="src\NavigationTreeView.cpp">
      <Filter>Source Files\WidgetView</Filter>
    </ClCompile>
    <ClCompile Include="src\PropertyGridView.cpp">
      <Filter>Source Files\WidgetView</Filter>
    </ClCompile>
    <ClCompile Include="src\LogInManager.cpp">
      <Filter>Source Files\CustomWidgets</Filter>
    </ClCompile>
    <ClCompile Include="src\LogInDialog.cpp">
      <Filter>Source Files\CustomWidgets</Filter>
    </ClCompile>
  </ItemGroup>
  <ItemGroup>
    <ClInclude Include="include\ViewerComponent.h">
      <Filter>Header Files\Components</Filter>
    </ClInclude>
    <ClInclude Include="include\uiServiceTypes.h">
      <Filter>Header Files</Filter>
    </ClInclude>
    <ClInclude Include="include\debugNotifier.h">
      <Filter>Header Files</Filter>
    </ClInclude>
    <ClInclude Include="include\UserManagement.h">
      <Filter>Header Files</Filter>
    </ClInclude>
    <ClInclude Include="include\ProjectManagement.h">
      <Filter>Header Files</Filter>
    </ClInclude>
    <ClInclude Include="include\ControlsManager.h">
      <Filter>Header Files</Filter>
    </ClInclude>
    <ClInclude Include="include\ToolBar.h">
      <Filter>Header Files</Filter>
    </ClInclude>
    <ClInclude Include="include\ContextMenuManager.h">
      <Filter>Header Files</Filter>
    </ClInclude>
    <ClInclude Include="include\QtMetaTypes.h">
      <Filter>Header Files</Filter>
    </ClInclude>
    <ClInclude Include="include\UiPluginComponent.h">
      <Filter>Header Files\Components</Filter>
    </ClInclude>
    <ClInclude Include="include\UiPluginManager.h">
      <Filter>Header Files</Filter>
    </ClInclude>
    <ClInclude Include="$(BASE64_ROOT)\base64.h">
      <Filter>Header Files</Filter>
    </ClInclude>
    <ClInclude Include="include\FileHandler.h">
      <Filter>Header Files</Filter>
    </ClInclude>
    <ClInclude Include="include\PropertyGridView.h">
      <Filter>Header Files\WidgetView</Filter>
    </ClInclude>
    <ClInclude Include="include\NavigationTreeView.h">
      <Filter>Header Files\WidgetView</Filter>
    </ClInclude>
  </ItemGroup>
  <ItemGroup>
    <QtMoc Include="include\welcomeScreen.h">
      <Filter>Header Files\CustomWidgets</Filter>
    </QtMoc>
    <QtMoc Include="include\ExternalServicesComponent.h">
      <Filter>Header Files\Components</Filter>
    </QtMoc>
    <QtMoc Include="include\WebsocketClient.h">
      <Filter>Header Files\Components</Filter>
    </QtMoc>
    <QtMoc Include="include\ShortcutManager.h">
      <Filter>Header Files</Filter>
    </QtMoc>
    <QtMoc Include="include\UserSettings.h">
      <Filter>Header Files</Filter>
    </QtMoc>
    <QtMoc Include="include\AppBase.h">
      <Filter>Header Files</Filter>
    </QtMoc>
    <QtMoc Include="include\ManageGroups.h">
      <Filter>Header Files</Filter>
    </QtMoc>
    <QtMoc Include="include\ManageAccess.h">
      <Filter>Header Files</Filter>
    </QtMoc>
    <QtMoc Include="include\ManageOwner.h">
      <Filter>Header Files</Filter>
    </QtMoc>
    <QtMoc Include="include\DevLogger.h">
      <Filter>Header Files\Components</Filter>
    </QtMoc>
    <QtMoc Include="include\SelectEntitiesDialog.h">
      <Filter>Header Files\CustomWidgets</Filter>
    </QtMoc>
    <QtMoc Include="include\LogInManager.h">
      <Filter>Header Files\CustomWidgets</Filter>
    </QtMoc>
    <QtMoc Include="include\LogInDialog.h">
      <Filter>Header Files\CustomWidgets</Filter>
    </QtMoc>
  </ItemGroup>
  <ItemGroup>
    <QtRcc Include="Resource.qrc">
      <Filter>Resource Files</Filter>
    </QtRcc>
  </ItemGroup>
</Project>