<?xml version="1.0" encoding="utf-8"?>
<Project ToolsVersion="4.0" xmlns="http://schemas.microsoft.com/developer/msbuild/2003">
  <ItemGroup>
    <Filter Include="Source Files">
      <UniqueIdentifier>{4FC737F1-C7A5-4376-A066-2A32D752A2FF}</UniqueIdentifier>
      <Extensions>cpp;c;cc;cxx;def;odl;idl;hpj;bat;asm;asmx</Extensions>
    </Filter>
    <Filter Include="Header Files">
      <UniqueIdentifier>{93995380-89BD-4b04-88EB-625FBE52EBFB}</UniqueIdentifier>
      <Extensions>h;hh;hpp;hxx;hm;inl;inc;ipp;xsd</Extensions>
    </Filter>
    <Filter Include="Resource Files">
      <UniqueIdentifier>{67DA6AB6-F800-4c08-8B7A-83BB121AAD01}</UniqueIdentifier>
      <Extensions>rc;ico;cur;bmp;dlg;rc2;rct;bin;rgs;gif;jpg;jpeg;jpe;resx;tiff;tif;png;wav;mfcribbon-ms</Extensions>
    </Filter>
  </ItemGroup>
  <ItemGroup>
    <ClInclude Include="include\DataStorageAPI.h">
      <Filter>Header Files</Filter>
    </ClInclude>
    <ClInclude Include="include\stdafx.h">
      <Filter>Header Files</Filter>
    </ClInclude>
    <ClInclude Include="include\targetver.h">
      <Filter>Header Files</Filter>
    </ClInclude>
    <ClInclude Include="include\UserAPI.h">
      <Filter>Header Files</Filter>
    </ClInclude>
    <ClInclude Include="include\DocumentAPI.h">
      <Filter>Header Files</Filter>
    </ClInclude>
    <ClInclude Include="include\DataStorageLogger.h">
      <Filter>Header Files</Filter>
    </ClInclude>
    <ClInclude Include="include\Connection\ConnectionAPI.h">
      <Filter>Header Files</Filter>
    </ClInclude>
    <ClInclude Include="include\Response\DataStorageResponse.h">
      <Filter>Header Files</Filter>
    </ClInclude>
    <ClInclude Include="include\Document\DocumentAccess.h">
      <Filter>Header Files</Filter>
    </ClInclude>
    <ClInclude Include="include\Document\DocumentAccessBase.h">
      <Filter>Header Files</Filter>
    </ClInclude>
    <ClInclude Include="include\Helper\UniqueFileName.h">
      <Filter>Header Files</Filter>
    </ClInclude>
    <ClInclude Include="include\Enums\InsertTypeEnum.h">
      <Filter>Header Files</Filter>
    </ClInclude>
    <ClInclude Include="include\Document\DocumentManager.h">
      <Filter>Header Files</Filter>
    </ClInclude>
    <ClInclude Include="include\Helper\QueryBuilder.h">
      <Filter>Header Files</Filter>
    </ClInclude>
    <ClInclude Include="include\System\SystemDataAccess.h">
      <Filter>Header Files</Filter>
    </ClInclude>
    <ClInclude Include="include\Helper\BsonValuesHelper.h">
      <Filter>Header Files</Filter>
    </ClInclude>
    <ClInclude Include="include\ArrayBinaryConverter.h">
      <Filter>Header Files</Filter>
    </ClInclude>
    <ClInclude Include="include\GridFSFeature.h">
      <Filter>Header Files</Filter>
    </ClInclude>
    <ClInclude Include="include\MongoDBAssertions.h">
      <Filter>Header Files</Filter>
    </ClInclude>
    <ClInclude Include="include\UniqueUIDGenerator.h">
      <Filter>Header Files</Filter>
    </ClInclude>
    <ClInclude Include="include\ResultDataStorageAPI.h">
      <Filter>Header Files</Filter>
    </ClInclude>
    <ClInclude Include="include\Unittest\UnittestDocumentAccess.h">
      <Filter>Header Files</Filter>
    </ClInclude>
    <ClInclude Include="include\Unittest\UnittestDocumentAccessBase.h">
      <Filter>Header Files</Filter>
    </ClInclude>
    <ClInclude Include="include\AdvancedQueryBuilder.h">
      <Filter>Header Files</Filter>
    </ClInclude>
    <ClInclude Include="include\ThreadLocalClientInitialiser.h">
      <Filter>Header Files</Filter>
    </ClInclude>
  </ItemGroup>
  <ItemGroup>
    <ClCompile Include="src\DataStorageAPI.cpp">
      <Filter>Source Files</Filter>
    </ClCompile>
    <ClCompile Include="src\dllmain.cpp">
      <Filter>Source Files</Filter>
    </ClCompile>
    <ClCompile Include="src\stdafx.cpp">
      <Filter>Source Files</Filter>
    </ClCompile>
    <ClCompile Include="src\DocumentAPI.cpp">
      <Filter>Source Files</Filter>
    </ClCompile>
    <ClCompile Include="src\UniqueFileName.cpp">
      <Filter>Source Files</Filter>
    </ClCompile>
    <ClCompile Include="src\ConnectionAPI.cpp">
      <Filter>Source Files</Filter>
    </ClCompile>
    <ClCompile Include="src\DataStorageLogger.cpp">
      <Filter>Source Files</Filter>
    </ClCompile>
    <ClCompile Include="src\DocumentAccess.cpp">
      <Filter>Source Files</Filter>
    </ClCompile>
    <ClCompile Include="src\DocumentManager.cpp">
      <Filter>Source Files</Filter>
    </ClCompile>
    <ClCompile Include="src\UserAPI.cpp">
      <Filter>Source Files</Filter>
    </ClCompile>
    <ClCompile Include="src\DocumentAccessBase.cpp">
      <Filter>Source Files</Filter>
    </ClCompile>
    <ClCompile Include="src\DataStorageResponse.cpp">
      <Filter>Source Files</Filter>
    </ClCompile>
    <ClCompile Include="src\QueryBuilder.cpp">
      <Filter>Source Files</Filter>
    </ClCompile>
    <ClCompile Include="src\SystemDataAccess.cpp">
      <Filter>Source Files</Filter>
    </ClCompile>
    <ClCompile Include="src\BsonValuesHelper.cpp">
      <Filter>Source Files</Filter>
    </ClCompile>
    <ClCompile Include="src\MongoDBAssertions.cpp">
      <Filter>Source Files</Filter>
    </ClCompile>
    <ClCompile Include="src\UniqueUIDGenerator.cpp">
      <Filter>Source Files</Filter>
    </ClCompile>
    <ClCompile Include="src\ResultDataStorageAPI.cpp">
      <Filter>Source Files</Filter>
    </ClCompile>
    <ClCompile Include="src\UnittestDocumentAccessBase.cpp">
      <Filter>Source Files</Filter>
    </ClCompile>
    <ClCompile Include="src\UnittestDocumentAccess.cpp">
      <Filter>Source Files</Filter>
    </ClCompile>
    <ClCompile Include="src\AdvancedQueryBuilder.cpp">
      <Filter>Source Files</Filter>
    </ClCompile>
    <ClCompile Include="src\ThreadLocalClientInitialiser.cpp">
      <Filter>Source Files</Filter>
    </ClCompile>
  </ItemGroup>
</Project>