<?xml version="1.0" encoding="utf-8"?>
<Project ToolsVersion="4.0" xmlns="http://schemas.microsoft.com/developer/msbuild/2003">
  <ItemGroup>
    <Filter Include="Source Files">
      <UniqueIdentifier>{4FC737F1-C7A5-4376-A066-2A32D752A2FF}</UniqueIdentifier>
      <Extensions>cpp;c;cc;cxx;def;odl;idl;hpj;bat;asm;asmx</Extensions>
    </Filter>
    <Filter Include="Header Files">
      <UniqueIdentifier>{93995380-89BD-4b04-88EB-625FBE52EBFB}</UniqueIdentifier>
      <Extensions>h;hh;hpp;hxx;hm;inl;inc;ipp;xsd</Extensions>
    </Filter>
    <Filter Include="Resource Files">
      <UniqueIdentifier>{67DA6AB6-F800-4c08-8B7A-83BB121AAD01}</UniqueIdentifier>
      <Extensions>rc;ico;cur;bmp;dlg;rc2;rct;bin;rgs;gif;jpg;jpeg;jpe;resx;tiff;tif;png;wav;mfcribbon-ms</Extensions>
    </Filter>
    <Filter Include="Header Files\rbeCalc">
      <UniqueIdentifier>{f5767201-54e3-4927-97f4-1a211d6bea98}</UniqueIdentifier>
    </Filter>
    <Filter Include="Header Files\rbeCore">
      <UniqueIdentifier>{88b7e726-4453-421c-8bb8-f30d94ec074d}</UniqueIdentifier>
    </Filter>
    <Filter Include="Source Files\rbeCore">
      <UniqueIdentifier>{179709be-43b8-4126-bceb-88f612296be1}</UniqueIdentifier>
    </Filter>
    <Filter Include="Source Files\rbeCalc">
      <UniqueIdentifier>{0fe02a31-91f9-435e-b39b-8d8d69631821}</UniqueIdentifier>
    </Filter>
  </ItemGroup>
  <ItemGroup>
    <ClCompile Include="src\dllmain.cpp">
      <Filter>Source Files</Filter>
    </ClCompile>
    <ClCompile Include="src\rbeCore\Point.cpp">
      <Filter>Source Files\rbeCore</Filter>
    </ClCompile>
    <ClCompile Include="src\rbeCore\RubberbandEngine.cpp">
      <Filter>Source Files\rbeCore</Filter>
    </ClCompile>
    <ClCompile Include="src\rbeCalc\PointReference.cpp">
      <Filter>Source Files\rbeCalc</Filter>
    </ClCompile>
    <ClCompile Include="src\rbeCalc\AbstractOperator.cpp">
      <Filter>Source Files\rbeCalc</Filter>
    </ClCompile>
    <ClCompile Include="src\rbeCalc\OperatorAdd.cpp">
      <Filter>Source Files\rbeCalc</Filter>
    </ClCompile>
    <ClCompile Include="src\rbeCalc\OperatorDivide.cpp">
      <Filter>Source Files\rbeCalc</Filter>
    </ClCompile>
    <ClCompile Include="src\rbeCalc\OperatorMultiply.cpp">
      <Filter>Source Files\rbeCalc</Filter>
    </ClCompile>
    <ClCompile Include="src\rbeCalc\OperatorSubtract.cpp">
      <Filter>Source Files\rbeCalc</Filter>
    </ClCompile>
    <ClCompile Include="src\rbeCore\NumericPoint.cpp">
      <Filter>Source Files\rbeCore</Filter>
    </ClCompile>
    <ClCompile Include="src\rbeCore\AbstractPoint.cpp">
      <Filter>Source Files\rbeCore</Filter>
    </ClCompile>
    <ClCompile Include="src\rbeCalc\PointDistanceOperator.cpp">
      <Filter>Source Files\rbeCalc</Filter>
    </ClCompile>
    <ClCompile Include="src\rbeCalc\ParserAPI.cpp">
      <Filter>Source Files\rbeCalc</Filter>
    </ClCompile>
    <ClCompile Include="src\rbeCore\Step.cpp">
      <Filter>Source Files\rbeCore</Filter>
    </ClCompile>
    <ClCompile Include="src\rbeCore\AbstractConnection.cpp">
      <Filter>Source Files\rbeCore</Filter>
    </ClCompile>
    <ClCompile Include="src\rbeCore\LineConnection.cpp">
      <Filter>Source Files\rbeCore</Filter>
    </ClCompile>
    <ClCompile Include="src\rbeCore\HistoryConnection.cpp">
      <Filter>Source Files\rbeCore</Filter>
    </ClCompile>
    <ClCompile Include="src\rbeCore\CircleConnection.cpp">
      <Filter>Source Files\rbeCore</Filter>
    </ClCompile>
    <ClCompile Include="src\rbeCore\RubberbandConfiguration.cpp">
      <Filter>Source Files\rbeCore</Filter>
    </ClCompile>
    <ClCompile Include="src\rbeCore\Limit.cpp">
      <Filter>Source Files\rbeCore</Filter>
    </ClCompile>
  </ItemGroup>
  <ItemGroup>
    <ClInclude Include="include\rbeCalc\PointReference.h">
      <Filter>Header Files\rbeCalc</Filter>
    </ClInclude>
    <ClInclude Include="include\rbeCore\dataTypes.h">
      <Filter>Header Files\rbeCore</Filter>
    </ClInclude>
    <ClInclude Include="include\rbeCore\Point.h">
      <Filter>Header Files\rbeCore</Filter>
    </ClInclude>
    <ClInclude Include="include\rbeCore\RubberbandEngine.h">
      <Filter>Header Files\rbeCore</Filter>
    </ClInclude>
    <ClInclude Include="include\rbeCore\Step.h">
      <Filter>Header Files\rbeCore</Filter>
    </ClInclude>
    <ClInclude Include="include\rbeCalc\VariableValue.h">
      <Filter>Header Files\rbeCalc</Filter>
    </ClInclude>
    <ClInclude Include="include\rbeCalc\AbstractOperator.h">
      <Filter>Header Files\rbeCalc</Filter>
    </ClInclude>
    <ClInclude Include="include\rbeCalc\OperatorAdd.h">
      <Filter>Header Files\rbeCalc</Filter>
    </ClInclude>
    <ClInclude Include="include\rbeCalc\OperatorSubtract.h">
      <Filter>Header Files\rbeCalc</Filter>
    </ClInclude>
    <ClInclude Include="include\rbeCalc\OperatorMultiply.h">
      <Filter>Header Files\rbeCalc</Filter>
    </ClInclude>
    <ClInclude Include="include\rbeCalc\OperatorDivide.h">
      <Filter>Header Files\rbeCalc</Filter>
    </ClInclude>
    <ClInclude Include="include\rbeCore\NumericPoint.h">
      <Filter>Header Files\rbeCore</Filter>
    </ClInclude>
    <ClInclude Include="include\rbeCore\AbstractPoint.h">
      <Filter>Header Files\rbeCore</Filter>
    </ClInclude>
    <ClInclude Include="include\rbeCalc\PointDistanceOperator.h">
      <Filter>Header Files\rbeCalc</Filter>
    </ClInclude>
    <ClInclude Include="include\rbeCalc\ParserAPI.h">
      <Filter>Header Files\rbeCalc</Filter>
    </ClInclude>
    <ClInclude Include="include\rbeCore\jsonMember.h">
      <Filter>Header Files\rbeCore</Filter>
    </ClInclude>
    <ClInclude Include="include\rbeCore\AbstractConnection.h">
      <Filter>Header Files\rbeCore</Filter>
    </ClInclude>
    <ClInclude Include="include\rbeCore\LineConnection.h">
      <Filter>Header Files\rbeCore</Filter>
    </ClInclude>
    <ClInclude Include="include\rbeCore\HistoryConnection.h">
      <Filter>Header Files\rbeCore</Filter>
    </ClInclude>
    <ClInclude Include="include\rbeCore\CircleConnection.h">
      <Filter>Header Files\rbeCore</Filter>
    </ClInclude>
    <ClInclude Include="include\rbeCore\RubberbandConfiguration.h">
      <Filter>Header Files\rbeCore</Filter>
    </ClInclude>
    <ClInclude Include="include\rbeCore\Limit.h">
      <Filter>Header Files\rbeCore</Filter>
    </ClInclude>
    <ClInclude Include="include\rbeCalc\AbstractCalculationItem.h">
      <Filter>Header Files\rbeCalc</Filter>
    </ClInclude>
    <ClInclude Include="include\rbeCore\rbeAssert.h">
      <Filter>Header Files\rbeCore</Filter>
    </ClInclude>
  </ItemGroup>
</Project>